{
    "version": 3,
    "terraform_version": "0.11.7",
    "serial": 15,
    "lineage": "f93088eb-5c47-c71f-7df7-8f9610e65fe6",
    "modules": [
        {
            "path": [
                "root"
            ],
            "outputs": {
                "ip": {
                    "sensitive": false,
                    "type": "string",
                    "value": "52.47.121.44"
                }
            },
            "resources": {
                "aws_eip.elastic_ip": {
                    "type": "aws_eip",
                    "depends_on": [],
                    "primary": {
                        "id": "eipalloc-eb2707c5",
                        "attributes": {
                            "association_id": "eipassoc-282bdae5",
                            "domain": "vpc",
                            "id": "eipalloc-eb2707c5",
                            "instance": "i-022c5b238e95bd5da",
                            "network_interface": "eni-a6911cf3",
                            "private_ip": "172.16.20.7",
                            "public_ip": "52.47.121.44",
                            "tags.%": "0",
                            "vpc": "true"
                        },
                        "meta": {
                            "e2bfb730-ecaa-11e6-8f88-34363bc7c4c0": {
                                "delete": 180000000000,
                                "read": 900000000000,
                                "update": 300000000000
                            }
                        },
                        "tainted": false
                    },
                    "deposed": [],
                    "provider": "provider.aws"
                },
                "aws_eip_association.eip_assoc": {
                    "type": "aws_eip_association",
                    "depends_on": [
                        "aws_eip.elastic_ip",
                        "aws_instance.kabisa-demo-instance"
                    ],
                    "primary": {
                        "id": "eipassoc-282bdae5",
                        "attributes": {
                            "allocation_id": "eipalloc-eb2707c5",
                            "id": "eipassoc-282bdae5",
                            "instance_id": "i-022c5b238e95bd5da",
                            "network_interface_id": "eni-a6911cf3",
                            "private_ip_address": "172.16.20.7",
                            "public_ip": "52.47.121.44"
                        },
                        "meta": {},
                        "tainted": false
                    },
                    "deposed": [],
                    "provider": "provider.aws"
                },
                "aws_instance.kabisa-demo-instance": {
                    "type": "aws_instance",
                    "depends_on": [
                        "aws_security_group.kabisa-demo-sg",
                        "module.vpc"
                    ],
                    "primary": {
                        "id": "i-022c5b238e95bd5da",
                        "attributes": {
                            "ami": "ami-e7cf7e9a",
                            "associate_public_ip_address": "true",
                            "availability_zone": "eu-west-3b",
                            "credit_specification.#": "1",
                            "credit_specification.0.cpu_credits": "standard",
                            "disable_api_termination": "false",
                            "ebs_block_device.#": "0",
                            "ebs_optimized": "false",
                            "ephemeral_block_device.#": "0",
                            "get_password_data": "false",
                            "iam_instance_profile": "",
                            "id": "i-022c5b238e95bd5da",
                            "instance_state": "running",
                            "instance_type": "t2.micro",
                            "ipv6_addresses.#": "0",
                            "key_name": "KabisaParis",
                            "monitoring": "false",
                            "network_interface.#": "0",
                            "network_interface_id": "eni-a6911cf3",
                            "password_data": "",
                            "placement_group": "",
                            "primary_network_interface_id": "eni-a6911cf3",
                            "private_dns": "ip-172-16-20-7.eu-west-3.compute.internal",
                            "private_ip": "172.16.20.7",
                            "public_dns": "",
                            "public_ip": "52.47.121.44",
                            "root_block_device.#": "1",
                            "root_block_device.0.delete_on_termination": "true",
                            "root_block_device.0.iops": "100",
                            "root_block_device.0.volume_id": "vol-062282226210747be",
                            "root_block_device.0.volume_size": "8",
                            "root_block_device.0.volume_type": "gp2",
                            "security_groups.#": "0",
                            "source_dest_check": "true",
                            "subnet_id": "subnet-d804b1a3",
                            "tags.%": "0",
                            "tenancy": "default",
                            "volume_tags.%": "0",
                            "vpc_security_group_ids.#": "1",
                            "vpc_security_group_ids.4098016518": "sg-052f326c"
                        },
                        "meta": {
                            "e2bfb730-ecaa-11e6-8f88-34363bc7c4c0": {
                                "create": 600000000000,
                                "delete": 1200000000000,
                                "update": 600000000000
                            },
                            "schema_version": "1"
                        },
                        "tainted": false
                    },
                    "deposed": [],
                    "provider": "provider.aws"
                },
                "aws_security_group.kabisa-demo-sg": {
                    "type": "aws_security_group",
                    "depends_on": [
                        "module.vpc"
                    ],
                    "primary": {
                        "id": "sg-052f326c",
                        "attributes": {
                            "arn": "arn:aws:ec2:eu-west-3:702056794978:security-group/sg-052f326c",
                            "description": "Security Group for our Kabisa Demo",
                            "egress.#": "0",
                            "id": "sg-052f326c",
                            "ingress.#": "3",
                            "ingress.2214680975.cidr_blocks.#": "1",
                            "ingress.2214680975.cidr_blocks.0": "0.0.0.0/0",
                            "ingress.2214680975.description": "",
                            "ingress.2214680975.from_port": "80",
                            "ingress.2214680975.ipv6_cidr_blocks.#": "0",
                            "ingress.2214680975.protocol": "tcp",
                            "ingress.2214680975.security_groups.#": "0",
                            "ingress.2214680975.self": "false",
                            "ingress.2214680975.to_port": "80",
                            "ingress.2617001939.cidr_blocks.#": "1",
                            "ingress.2617001939.cidr_blocks.0": "0.0.0.0/0",
                            "ingress.2617001939.description": "",
                            "ingress.2617001939.from_port": "443",
                            "ingress.2617001939.ipv6_cidr_blocks.#": "0",
                            "ingress.2617001939.protocol": "tcp",
                            "ingress.2617001939.security_groups.#": "0",
                            "ingress.2617001939.self": "false",
                            "ingress.2617001939.to_port": "443",
                            "ingress.3214870081.cidr_blocks.#": "2",
                            "ingress.3214870081.cidr_blocks.0": "212.78.221.106/32",
                            "ingress.3214870081.cidr_blocks.1": "109.235.33.64/32",
                            "ingress.3214870081.description": "",
                            "ingress.3214870081.from_port": "22",
                            "ingress.3214870081.ipv6_cidr_blocks.#": "0",
                            "ingress.3214870081.protocol": "tcp",
                            "ingress.3214870081.security_groups.#": "0",
                            "ingress.3214870081.self": "false",
                            "ingress.3214870081.to_port": "22",
                            "name": "kabisa-demo-sg",
                            "owner_id": "702056794978",
                            "revoke_rules_on_delete": "false",
                            "tags.%": "0",
                            "vpc_id": "vpc-7a610313"
                        },
                        "meta": {
                            "e2bfb730-ecaa-11e6-8f88-34363bc7c4c0": {
                                "create": 600000000000,
                                "delete": 600000000000
                            },
                            "schema_version": "1"
                        },
                        "tainted": false
                    },
                    "deposed": [],
                    "provider": "provider.aws"
                },
                "aws_security_group_rule.allow-http": {
                    "type": "aws_security_group_rule",
                    "depends_on": [
                        "aws_security_group.kabisa-demo-sg"
                    ],
                    "primary": {
                        "id": "sgrule-3051535389",
                        "attributes": {
                            "cidr_blocks.#": "1",
                            "cidr_blocks.0": "0.0.0.0/0",
                            "description": "",
                            "from_port": "80",
                            "id": "sgrule-3051535389",
                            "ipv6_cidr_blocks.#": "0",
                            "prefix_list_ids.#": "0",
                            "protocol": "tcp",
                            "security_group_id": "sg-052f326c",
                            "self": "false",
                            "to_port": "80",
                            "type": "ingress"
                        },
                        "meta": {
                            "schema_version": "2"
                        },
                        "tainted": false
                    },
                    "deposed": [],
                    "provider": "provider.aws"
                },
                "aws_security_group_rule.allow-https": {
                    "type": "aws_security_group_rule",
                    "depends_on": [
                        "aws_security_group.kabisa-demo-sg"
                    ],
                    "primary": {
                        "id": "sgrule-2610447531",
                        "attributes": {
                            "cidr_blocks.#": "1",
                            "cidr_blocks.0": "0.0.0.0/0",
                            "description": "",
                            "from_port": "443",
                            "id": "sgrule-2610447531",
                            "ipv6_cidr_blocks.#": "0",
                            "prefix_list_ids.#": "0",
                            "protocol": "tcp",
                            "security_group_id": "sg-052f326c",
                            "self": "false",
                            "to_port": "443",
                            "type": "ingress"
                        },
                        "meta": {
                            "schema_version": "2"
                        },
                        "tainted": false
                    },
                    "deposed": [],
                    "provider": "provider.aws"
                },
                "aws_security_group_rule.egress_all": {
                    "type": "aws_security_group_rule",
                    "depends_on": [
                        "aws_security_group.kabisa-demo-sg"
                    ],
                    "primary": {
                        "id": "sgrule-2948788958",
                        "attributes": {
                            "cidr_blocks.#": "1",
                            "cidr_blocks.0": "0.0.0.0/0",
                            "from_port": "0",
                            "id": "sgrule-2948788958",
                            "protocol": "-1",
                            "security_group_id": "sg-052f326c",
                            "self": "false",
                            "to_port": "0",
                            "type": "egress"
                        },
                        "meta": {
                            "schema_version": "2"
                        },
                        "tainted": false
                    },
                    "deposed": [],
                    "provider": "provider.aws"
                },
                "aws_security_group_rule.ssh-kabisa-hq": {
                    "type": "aws_security_group_rule",
                    "depends_on": [
                        "aws_security_group.kabisa-demo-sg"
                    ],
                    "primary": {
                        "id": "sgrule-2366359481",
                        "attributes": {
                            "cidr_blocks.#": "2",
                            "cidr_blocks.0": "212.78.221.106/32",
                            "cidr_blocks.1": "109.235.33.64/32",
                            "description": "",
                            "from_port": "22",
                            "id": "sgrule-2366359481",
                            "ipv6_cidr_blocks.#": "0",
                            "prefix_list_ids.#": "0",
                            "protocol": "tcp",
                            "security_group_id": "sg-052f326c",
                            "self": "false",
                            "to_port": "22",
                            "type": "ingress"
                        },
                        "meta": {
                            "schema_version": "2"
                        },
                        "tainted": false
                    },
                    "deposed": [],
                    "provider": "provider.aws"
                }
            },
            "depends_on": []
        },
        {
            "path": [
                "root",
                "vpc"
            ],
            "outputs": {
                "database_subnet_group": {
                    "sensitive": false,
                    "type": "string",
                    "value": ""
                },
                "database_subnets": {
                    "sensitive": false,
                    "type": "list",
                    "value": []
                },
                "database_subnets_cidr_blocks": {
                    "sensitive": false,
                    "type": "list",
                    "value": []
                },
                "default_network_acl_id": {
                    "sensitive": false,
                    "type": "string",
                    "value": "acl-ec394d85"
                },
                "default_route_table_id": {
                    "sensitive": false,
                    "type": "string",
                    "value": "rtb-1c4e3e75"
                },
                "default_security_group_id": {
                    "sensitive": false,
                    "type": "string",
                    "value": "sg-49302d20"
                },
                "default_vpc_cidr_block": {
                    "sensitive": false,
                    "type": "string",
                    "value": ""
                },
                "default_vpc_default_network_acl_id": {
                    "sensitive": false,
                    "type": "string",
                    "value": ""
                },
                "default_vpc_default_route_table_id": {
                    "sensitive": false,
                    "type": "string",
                    "value": ""
                },
                "default_vpc_default_security_group_id": {
                    "sensitive": false,
                    "type": "string",
                    "value": ""
                },
                "default_vpc_enable_dns_hostnames": {
                    "sensitive": false,
                    "type": "string",
                    "value": ""
                },
                "default_vpc_enable_dns_support": {
                    "sensitive": false,
                    "type": "string",
                    "value": ""
                },
                "default_vpc_id": {
                    "sensitive": false,
                    "type": "string",
                    "value": ""
                },
                "default_vpc_instance_tenancy": {
                    "sensitive": false,
                    "type": "string",
                    "value": ""
                },
                "default_vpc_main_route_table_id": {
                    "sensitive": false,
                    "type": "string",
                    "value": ""
                },
                "elasticache_subnet_group": {
                    "sensitive": false,
                    "type": "string",
                    "value": ""
                },
                "elasticache_subnet_group_name": {
                    "sensitive": false,
                    "type": "string",
                    "value": ""
                },
                "elasticache_subnets": {
                    "sensitive": false,
                    "type": "list",
                    "value": []
                },
                "elasticache_subnets_cidr_blocks": {
                    "sensitive": false,
                    "type": "list",
                    "value": []
                },
                "igw_id": {
                    "sensitive": false,
                    "type": "string",
                    "value": "igw-8e823ee7"
                },
                "nat_ids": {
                    "sensitive": false,
                    "type": "list",
                    "value": []
                },
                "nat_public_ips": {
                    "sensitive": false,
                    "type": "list",
                    "value": []
                },
                "natgw_ids": {
                    "sensitive": false,
                    "type": "list",
                    "value": []
                },
                "private_route_table_ids": {
                    "sensitive": false,
                    "type": "list",
                    "value": []
                },
                "private_subnets": {
                    "sensitive": false,
                    "type": "list",
                    "value": []
                },
                "private_subnets_cidr_blocks": {
                    "sensitive": false,
                    "type": "list",
                    "value": []
                },
                "public_route_table_ids": {
                    "sensitive": false,
                    "type": "list",
                    "value": [
                        "rtb-9e4737f7"
                    ]
                },
                "public_subnets": {
                    "sensitive": false,
                    "type": "list",
                    "value": [
                        "subnet-4662f02f",
                        "subnet-d804b1a3"
                    ]
                },
                "public_subnets_cidr_blocks": {
                    "sensitive": false,
                    "type": "list",
                    "value": [
                        "172.16.10.0/24",
                        "172.16.20.0/24"
                    ]
                },
                "redshift_subnet_group": {
                    "sensitive": false,
                    "type": "string",
                    "value": ""
                },
                "redshift_subnets": {
                    "sensitive": false,
                    "type": "list",
                    "value": []
                },
                "redshift_subnets_cidr_blocks": {
                    "sensitive": false,
                    "type": "list",
                    "value": []
                },
                "vgw_id": {
                    "sensitive": false,
                    "type": "string",
                    "value": ""
                },
                "vpc_cidr_block": {
                    "sensitive": false,
                    "type": "string",
                    "value": "172.16.0.0/16"
                },
                "vpc_enable_dns_hostnames": {
                    "sensitive": false,
                    "type": "string",
                    "value": "false"
                },
                "vpc_enable_dns_support": {
                    "sensitive": false,
                    "type": "string",
                    "value": "true"
                },
                "vpc_endpoint_dynamodb_id": {
                    "sensitive": false,
                    "type": "string",
                    "value": ""
                },
                "vpc_endpoint_dynamodb_pl_id": {
                    "sensitive": false,
                    "type": "string",
                    "value": ""
                },
                "vpc_endpoint_s3_id": {
                    "sensitive": false,
                    "type": "string",
                    "value": ""
                },
                "vpc_endpoint_s3_pl_id": {
                    "sensitive": false,
                    "type": "string",
                    "value": ""
                },
                "vpc_id": {
                    "sensitive": false,
                    "type": "string",
                    "value": "vpc-7a610313"
                },
                "vpc_instance_tenancy": {
                    "sensitive": false,
                    "type": "string",
                    "value": "default"
                },
                "vpc_main_route_table_id": {
                    "sensitive": false,
                    "type": "string",
                    "value": "rtb-1c4e3e75"
                }
            },
            "resources": {
                "aws_internet_gateway.this": {
                    "type": "aws_internet_gateway",
                    "depends_on": [
                        "aws_vpc.this"
                    ],
                    "primary": {
                        "id": "igw-8e823ee7",
                        "attributes": {
                            "id": "igw-8e823ee7",
                            "tags.%": "1",
                            "tags.Name": "kabisa-demo",
                            "vpc_id": "vpc-7a610313"
                        },
                        "meta": {},
                        "tainted": false
                    },
                    "deposed": [],
                    "provider": "provider.aws"
                },
                "aws_route.public_internet_gateway": {
                    "type": "aws_route",
                    "depends_on": [
                        "aws_internet_gateway.this",
                        "aws_route_table.public"
                    ],
                    "primary": {
                        "id": "r-rtb-9e4737f71080289494",
                        "attributes": {
                            "destination_cidr_block": "0.0.0.0/0",
                            "destination_prefix_list_id": "",
                            "egress_only_gateway_id": "",
                            "gateway_id": "igw-8e823ee7",
                            "id": "r-rtb-9e4737f71080289494",
                            "instance_id": "",
                            "instance_owner_id": "",
                            "nat_gateway_id": "",
                            "network_interface_id": "",
                            "origin": "CreateRoute",
                            "route_table_id": "rtb-9e4737f7",
                            "state": "active",
                            "vpc_peering_connection_id": ""
                        },
                        "meta": {
                            "e2bfb730-ecaa-11e6-8f88-34363bc7c4c0": {
                                "create": 300000000000,
                                "delete": 300000000000
                            }
                        },
                        "tainted": false
                    },
                    "deposed": [],
                    "provider": "provider.aws"
                },
                "aws_route_table.public": {
                    "type": "aws_route_table",
                    "depends_on": [
                        "aws_vpc.this"
                    ],
                    "primary": {
                        "id": "rtb-9e4737f7",
                        "attributes": {
                            "id": "rtb-9e4737f7",
                            "propagating_vgws.#": "0",
                            "route.#": "1",
                            "route.329149937.cidr_block": "0.0.0.0/0",
                            "route.329149937.egress_only_gateway_id": "",
                            "route.329149937.gateway_id": "igw-8e823ee7",
                            "route.329149937.instance_id": "",
                            "route.329149937.ipv6_cidr_block": "",
                            "route.329149937.nat_gateway_id": "",
                            "route.329149937.network_interface_id": "",
                            "route.329149937.vpc_peering_connection_id": "",
                            "tags.%": "1",
                            "tags.Name": "kabisa-demo-public",
                            "vpc_id": "vpc-7a610313"
                        },
                        "meta": {},
                        "tainted": false
                    },
                    "deposed": [],
                    "provider": "provider.aws"
                },
                "aws_route_table_association.public.0": {
                    "type": "aws_route_table_association",
                    "depends_on": [
                        "aws_route_table.public",
                        "aws_subnet.public.*"
                    ],
                    "primary": {
                        "id": "rtbassoc-f33a6b9a",
                        "attributes": {
                            "id": "rtbassoc-f33a6b9a",
                            "route_table_id": "rtb-9e4737f7",
                            "subnet_id": "subnet-4662f02f"
                        },
                        "meta": {},
                        "tainted": false
                    },
                    "deposed": [],
                    "provider": "provider.aws"
                },
                "aws_route_table_association.public.1": {
                    "type": "aws_route_table_association",
                    "depends_on": [
                        "aws_route_table.public",
                        "aws_subnet.public.*"
                    ],
                    "primary": {
                        "id": "rtbassoc-293f6e40",
                        "attributes": {
                            "id": "rtbassoc-293f6e40",
                            "route_table_id": "rtb-9e4737f7",
                            "subnet_id": "subnet-d804b1a3"
                        },
                        "meta": {},
                        "tainted": false
                    },
                    "deposed": [],
                    "provider": "provider.aws"
                },
                "aws_subnet.public.0": {
                    "type": "aws_subnet",
                    "depends_on": [
                        "aws_vpc.this"
                    ],
                    "primary": {
                        "id": "subnet-4662f02f",
                        "attributes": {
                            "assign_ipv6_address_on_creation": "false",
                            "availability_zone": "eu-west-3a",
                            "cidr_block": "172.16.10.0/24",
                            "id": "subnet-4662f02f",
                            "map_public_ip_on_launch": "true",
                            "tags.%": "1",
                            "tags.Name": "kabisa-demo-public-eu-west-3a",
                            "vpc_id": "vpc-7a610313"
                        },
                        "meta": {
                            "schema_version": "1"
                        },
                        "tainted": false
                    },
                    "deposed": [],
                    "provider": "provider.aws"
                },
                "aws_subnet.public.1": {
                    "type": "aws_subnet",
                    "depends_on": [
                        "aws_vpc.this"
                    ],
                    "primary": {
                        "id": "subnet-d804b1a3",
                        "attributes": {
                            "assign_ipv6_address_on_creation": "false",
                            "availability_zone": "eu-west-3b",
                            "cidr_block": "172.16.20.0/24",
                            "id": "subnet-d804b1a3",
                            "map_public_ip_on_launch": "true",
                            "tags.%": "1",
                            "tags.Name": "kabisa-demo-public-eu-west-3b",
                            "vpc_id": "vpc-7a610313"
                        },
                        "meta": {
                            "schema_version": "1"
                        },
                        "tainted": false
                    },
                    "deposed": [],
                    "provider": "provider.aws"
                },
                "aws_vpc.this": {
                    "type": "aws_vpc",
                    "depends_on": [],
                    "primary": {
                        "id": "vpc-7a610313",
                        "attributes": {
                            "assign_generated_ipv6_cidr_block": "false",
                            "cidr_block": "172.16.0.0/16",
                            "default_network_acl_id": "acl-ec394d85",
                            "default_route_table_id": "rtb-1c4e3e75",
                            "default_security_group_id": "sg-49302d20",
                            "dhcp_options_id": "dopt-d09e5eb9",
                            "enable_dns_hostnames": "false",
                            "enable_dns_support": "true",
                            "id": "vpc-7a610313",
                            "instance_tenancy": "default",
                            "main_route_table_id": "rtb-1c4e3e75",
                            "tags.%": "1",
                            "tags.Name": "kabisa-demo"
                        },
                        "meta": {
                            "schema_version": "1"
                        },
                        "tainted": false
                    },
                    "deposed": [],
                    "provider": "provider.aws"
                }
            },
            "depends_on": []
        }
    ]
}
