{
    "version": 3,
    "terraform_version": "0.11.7",
    "serial": 14,
    "lineage": "b0b8e2d4-6e6f-1e52-65f9-3b713444d185",
    "modules": [
        {
            "path": [
                "root"
            ],
            "outputs": {
                "db-hostname": {
                    "sensitive": false,
                    "type": "string",
                    "value": "kabisa-demo.cluster-c8xycw9slggm.eu-west-3.rds.amazonaws.com"
                },
                "db-password": {
                    "sensitive": false,
                    "type": "string",
                    "value": "SecretWordpress"
                },
                "db-username": {
                    "sensitive": false,
                    "type": "string",
                    "value": "wordpress"
                },
                "ip": {
                    "sensitive": false,
                    "type": "string",
                    "value": "52.47.180.157"
                }
            },
            "resources": {
                "aws_eip.elastic_ip": {
                    "type": "aws_eip",
                    "depends_on": [],
                    "primary": {
                        "id": "eipalloc-b61c3c98",
                        "attributes": {
                            "association_id": "eipassoc-135dacde",
                            "domain": "vpc",
                            "id": "eipalloc-b61c3c98",
                            "instance": "i-0b0e0a9ee1fce063a",
                            "network_interface": "eni-0dea6658",
                            "private_ip": "172.16.20.228",
                            "public_ip": "52.47.180.157",
                            "tags.%": "0",
                            "vpc": "true"
                        },
                        "meta": {
                            "e2bfb730-ecaa-11e6-8f88-34363bc7c4c0": {
                                "delete": 180000000000,
                                "read": 900000000000,
                                "update": 300000000000
                            }
                        },
                        "tainted": false
                    },
                    "deposed": [],
                    "provider": "provider.aws"
                },
                "aws_eip_association.eip_assoc": {
                    "type": "aws_eip_association",
                    "depends_on": [
                        "aws_eip.elastic_ip",
                        "aws_instance.kabisa-demo-instance"
                    ],
                    "primary": {
                        "id": "eipassoc-e241b02f",
                        "attributes": {
                            "allocation_id": "eipalloc-b61c3c98",
                            "id": "eipassoc-e241b02f",
                            "instance_id": "i-09f755cfff293cf34",
                            "network_interface_id": "eni-04fe7251",
                            "private_ip_address": "172.16.20.75",
                            "public_ip": "52.47.180.157"
                        },
                        "meta": {},
                        "tainted": false
                    },
                    "deposed": [],
                    "provider": "provider.aws"
                },
                "aws_instance.kabisa-demo-instance": {
                    "type": "aws_instance",
                    "depends_on": [
                        "aws_security_group.kabisa-demo-sg",
                        "module.vpc"
                    ],
                    "primary": {
                        "id": "i-09f755cfff293cf34",
                        "attributes": {
                            "ami": "ami-e7cf7e9a",
                            "associate_public_ip_address": "true",
                            "availability_zone": "eu-west-3b",
                            "credit_specification.#": "1",
                            "credit_specification.0.cpu_credits": "standard",
                            "disable_api_termination": "false",
                            "ebs_block_device.#": "0",
                            "ebs_optimized": "false",
                            "ephemeral_block_device.#": "0",
                            "get_password_data": "false",
                            "iam_instance_profile": "",
                            "id": "i-09f755cfff293cf34",
                            "instance_state": "running",
                            "instance_type": "t2.micro",
                            "ipv6_addresses.#": "0",
                            "key_name": "KabisaParis",
                            "monitoring": "false",
                            "network_interface.#": "0",
                            "network_interface_id": "eni-04fe7251",
                            "password_data": "",
                            "placement_group": "",
                            "primary_network_interface_id": "eni-04fe7251",
                            "private_dns": "ip-172-16-20-75.eu-west-3.compute.internal",
                            "private_ip": "172.16.20.75",
                            "public_dns": "",
                            "public_ip": "52.47.85.99",
                            "root_block_device.#": "1",
                            "root_block_device.0.delete_on_termination": "true",
                            "root_block_device.0.iops": "100",
                            "root_block_device.0.volume_id": "vol-06ea54f2fb93bcc02",
                            "root_block_device.0.volume_size": "8",
                            "root_block_device.0.volume_type": "gp2",
                            "security_groups.#": "0",
                            "source_dest_check": "true",
                            "subnet_id": "subnet-849327ff",
                            "tags.%": "0",
                            "tenancy": "default",
                            "user_data": "62042dbbc41698e762765a214a1663425aff953c",
                            "volume_tags.%": "0",
                            "vpc_security_group_ids.#": "1",
                            "vpc_security_group_ids.1994006961": "sg-7f958916"
                        },
                        "meta": {
                            "e2bfb730-ecaa-11e6-8f88-34363bc7c4c0": {
                                "create": 600000000000,
                                "delete": 1200000000000,
                                "update": 600000000000
                            },
                            "schema_version": "1"
                        },
                        "tainted": false
                    },
                    "deposed": [],
                    "provider": "provider.aws"
                },
                "aws_rds_cluster.kabisa-demo-rds": {
                    "type": "aws_rds_cluster",
                    "depends_on": [
                        "aws_security_group.kabisa-demo-rds-sg",
                        "module.vpc"
                    ],
                    "primary": {
                        "id": "kabisa-demo",
                        "attributes": {
                            "apply_immediately": "true",
                            "availability_zones.#": "3",
                            "availability_zones.1083718448": "eu-west-3b",
                            "availability_zones.3650185866": "eu-west-3a",
                            "availability_zones.933170086": "eu-west-3c",
                            "backtrack_window": "0",
                            "backup_retention_period": "1",
                            "cluster_identifier": "kabisa-demo",
                            "cluster_members.#": "2",
                            "cluster_members.1112313474": "tf-20180523112746038200000001",
                            "cluster_members.3426667387": "tf-20180523112746038300000002",
                            "cluster_resource_id": "cluster-XUS5VANKIPKKODFRHYHDQAXMGE",
                            "database_name": "wordpress",
                            "db_cluster_parameter_group_name": "default.aurora-mysql5.7",
                            "db_subnet_group_name": "kabisa-demo",
                            "endpoint": "kabisa-demo.cluster-c8xycw9slggm.eu-west-3.rds.amazonaws.com",
                            "engine": "aurora-mysql",
                            "engine_version": "5.7.12",
                            "hosted_zone_id": "ZMESEXB7ZGGQ3",
                            "iam_database_authentication_enabled": "false",
                            "iam_roles.#": "0",
                            "id": "kabisa-demo",
                            "kms_key_id": "",
                            "master_password": "SecretWordpress",
                            "master_username": "wordpress",
                            "port": "3306",
                            "preferred_backup_window": "08:41-09:11",
                            "preferred_maintenance_window": "tue:00:16-tue:00:46",
                            "reader_endpoint": "kabisa-demo.cluster-ro-c8xycw9slggm.eu-west-3.rds.amazonaws.com",
                            "replication_source_identifier": "",
                            "skip_final_snapshot": "false",
                            "storage_encrypted": "false",
                            "tags.%": "0",
                            "vpc_security_group_ids.#": "1",
                            "vpc_security_group_ids.3172181431": "sg-c6938faf"
                        },
                        "meta": {
                            "e2bfb730-ecaa-11e6-8f88-34363bc7c4c0": {
                                "create": 7200000000000,
                                "delete": 7200000000000,
                                "update": 7200000000000
                            }
                        },
                        "tainted": false
                    },
                    "deposed": [],
                    "provider": "provider.aws"
                },
                "aws_rds_cluster_instance.kabisa-demo-rds-instance.0": {
                    "type": "aws_rds_cluster_instance",
                    "depends_on": [
                        "aws_rds_cluster.kabisa-demo-rds"
                    ],
                    "primary": {
                        "id": "tf-20180523112746038300000002",
                        "attributes": {
                            "apply_immediately": "true",
                            "auto_minor_version_upgrade": "true",
                            "availability_zone": "eu-west-3a",
                            "cluster_identifier": "kabisa-demo",
                            "db_parameter_group_name": "default.aurora-mysql5.7",
                            "db_subnet_group_name": "kabisa-demo",
                            "dbi_resource_id": "db-FFRPRBFML5O7JX3ZV2SBQ67YBI",
                            "endpoint": "tf-20180523112746038300000002.c8xycw9slggm.eu-west-3.rds.amazonaws.com",
                            "engine": "aurora-mysql",
                            "engine_version": "5.7.12",
                            "id": "tf-20180523112746038300000002",
                            "identifier": "tf-20180523112746038300000002",
                            "instance_class": "db.t2.small",
                            "kms_key_id": "",
                            "monitoring_interval": "0",
                            "performance_insights_enabled": "false",
                            "performance_insights_kms_key_id": "",
                            "port": "3306",
                            "preferred_backup_window": "08:41-09:11",
                            "preferred_maintenance_window": "sun:01:43-sun:02:13",
                            "promotion_tier": "0",
                            "publicly_accessible": "false",
                            "storage_encrypted": "false",
                            "tags.%": "0",
                            "writer": "true"
                        },
                        "meta": {
                            "e2bfb730-ecaa-11e6-8f88-34363bc7c4c0": {
                                "create": 5400000000000,
                                "delete": 5400000000000,
                                "update": 5400000000000
                            }
                        },
                        "tainted": false
                    },
                    "deposed": [],
                    "provider": "provider.aws"
                },
                "aws_rds_cluster_instance.kabisa-demo-rds-instance.1": {
                    "type": "aws_rds_cluster_instance",
                    "depends_on": [
                        "aws_rds_cluster.kabisa-demo-rds"
                    ],
                    "primary": {
                        "id": "tf-20180523112746038200000001",
                        "attributes": {
                            "apply_immediately": "true",
                            "auto_minor_version_upgrade": "true",
                            "availability_zone": "eu-west-3b",
                            "cluster_identifier": "kabisa-demo",
                            "db_parameter_group_name": "default.aurora-mysql5.7",
                            "db_subnet_group_name": "kabisa-demo",
                            "dbi_resource_id": "db-2HIB6LBN35SV7BFAL4ZDAFEVGM",
                            "endpoint": "tf-20180523112746038200000001.c8xycw9slggm.eu-west-3.rds.amazonaws.com",
                            "engine": "aurora-mysql",
                            "engine_version": "5.7.12",
                            "id": "tf-20180523112746038200000001",
                            "identifier": "tf-20180523112746038200000001",
                            "instance_class": "db.t2.small",
                            "kms_key_id": "",
                            "monitoring_interval": "0",
                            "performance_insights_enabled": "false",
                            "performance_insights_kms_key_id": "",
                            "port": "3306",
                            "preferred_backup_window": "08:41-09:11",
                            "preferred_maintenance_window": "thu:00:49-thu:01:19",
                            "promotion_tier": "0",
                            "publicly_accessible": "false",
                            "storage_encrypted": "false",
                            "tags.%": "0",
                            "writer": "false"
                        },
                        "meta": {
                            "e2bfb730-ecaa-11e6-8f88-34363bc7c4c0": {
                                "create": 5400000000000,
                                "delete": 5400000000000,
                                "update": 5400000000000
                            }
                        },
                        "tainted": false
                    },
                    "deposed": [],
                    "provider": "provider.aws"
                },
                "aws_security_group.kabisa-demo-rds-sg": {
                    "type": "aws_security_group",
                    "depends_on": [
                        "module.vpc"
                    ],
                    "primary": {
                        "id": "sg-c6938faf",
                        "attributes": {
                            "arn": "arn:aws:ec2:eu-west-3:702056794978:security-group/sg-c6938faf",
                            "description": "Kabisa Demo RDS security group",
                            "egress.#": "0",
                            "id": "sg-c6938faf",
                            "ingress.#": "1",
                            "ingress.3999774327.cidr_blocks.#": "0",
                            "ingress.3999774327.description": "",
                            "ingress.3999774327.from_port": "3306",
                            "ingress.3999774327.ipv6_cidr_blocks.#": "0",
                            "ingress.3999774327.protocol": "tcp",
                            "ingress.3999774327.security_groups.#": "1",
                            "ingress.3999774327.security_groups.1994006961": "sg-7f958916",
                            "ingress.3999774327.self": "false",
                            "ingress.3999774327.to_port": "3306",
                            "name": "kabisa-demo-rds-sg",
                            "owner_id": "702056794978",
                            "revoke_rules_on_delete": "false",
                            "tags.%": "0",
                            "vpc_id": "vpc-23c0a24a"
                        },
                        "meta": {
                            "e2bfb730-ecaa-11e6-8f88-34363bc7c4c0": {
                                "create": 600000000000,
                                "delete": 600000000000
                            },
                            "schema_version": "1"
                        },
                        "tainted": false
                    },
                    "deposed": [],
                    "provider": "provider.aws"
                },
                "aws_security_group.kabisa-demo-sg": {
                    "type": "aws_security_group",
                    "depends_on": [
                        "module.vpc"
                    ],
                    "primary": {
                        "id": "sg-7f958916",
                        "attributes": {
                            "arn": "arn:aws:ec2:eu-west-3:702056794978:security-group/sg-7f958916",
                            "description": "Kabisa Demo Security Group",
                            "egress.#": "1",
                            "egress.482069346.cidr_blocks.#": "1",
                            "egress.482069346.cidr_blocks.0": "0.0.0.0/0",
                            "egress.482069346.description": "",
                            "egress.482069346.from_port": "0",
                            "egress.482069346.ipv6_cidr_blocks.#": "0",
                            "egress.482069346.prefix_list_ids.#": "0",
                            "egress.482069346.protocol": "-1",
                            "egress.482069346.security_groups.#": "0",
                            "egress.482069346.self": "false",
                            "egress.482069346.to_port": "0",
                            "id": "sg-7f958916",
                            "ingress.#": "3",
                            "ingress.2214680975.cidr_blocks.#": "1",
                            "ingress.2214680975.cidr_blocks.0": "0.0.0.0/0",
                            "ingress.2214680975.description": "",
                            "ingress.2214680975.from_port": "80",
                            "ingress.2214680975.ipv6_cidr_blocks.#": "0",
                            "ingress.2214680975.protocol": "tcp",
                            "ingress.2214680975.security_groups.#": "0",
                            "ingress.2214680975.self": "false",
                            "ingress.2214680975.to_port": "80",
                            "ingress.2617001939.cidr_blocks.#": "1",
                            "ingress.2617001939.cidr_blocks.0": "0.0.0.0/0",
                            "ingress.2617001939.description": "",
                            "ingress.2617001939.from_port": "443",
                            "ingress.2617001939.ipv6_cidr_blocks.#": "0",
                            "ingress.2617001939.protocol": "tcp",
                            "ingress.2617001939.security_groups.#": "0",
                            "ingress.2617001939.self": "false",
                            "ingress.2617001939.to_port": "443",
                            "ingress.3214870081.cidr_blocks.#": "2",
                            "ingress.3214870081.cidr_blocks.0": "212.78.221.106/32",
                            "ingress.3214870081.cidr_blocks.1": "109.235.33.64/32",
                            "ingress.3214870081.description": "",
                            "ingress.3214870081.from_port": "22",
                            "ingress.3214870081.ipv6_cidr_blocks.#": "0",
                            "ingress.3214870081.protocol": "tcp",
                            "ingress.3214870081.security_groups.#": "0",
                            "ingress.3214870081.self": "false",
                            "ingress.3214870081.to_port": "22",
                            "name": "kabisa-demo-sg",
                            "owner_id": "702056794978",
                            "revoke_rules_on_delete": "false",
                            "tags.%": "0",
                            "vpc_id": "vpc-23c0a24a"
                        },
                        "meta": {
                            "e2bfb730-ecaa-11e6-8f88-34363bc7c4c0": {
                                "create": 600000000000,
                                "delete": 600000000000
                            },
                            "schema_version": "1"
                        },
                        "tainted": false
                    },
                    "deposed": [],
                    "provider": "provider.aws"
                },
                "aws_security_group_rule.kabisa-demo-egress_all": {
                    "type": "aws_security_group_rule",
                    "depends_on": [
                        "aws_security_group.kabisa-demo-sg"
                    ],
                    "primary": {
                        "id": "sgrule-166721188",
                        "attributes": {
                            "cidr_blocks.#": "1",
                            "cidr_blocks.0": "0.0.0.0/0",
                            "description": "",
                            "from_port": "0",
                            "id": "sgrule-166721188",
                            "ipv6_cidr_blocks.#": "0",
                            "prefix_list_ids.#": "0",
                            "protocol": "-1",
                            "security_group_id": "sg-7f958916",
                            "self": "false",
                            "to_port": "0",
                            "type": "egress"
                        },
                        "meta": {
                            "schema_version": "2"
                        },
                        "tainted": false
                    },
                    "deposed": [],
                    "provider": "provider.aws"
                },
                "aws_security_group_rule.kabisa-demo-http": {
                    "type": "aws_security_group_rule",
                    "depends_on": [
                        "aws_security_group.kabisa-demo-sg"
                    ],
                    "primary": {
                        "id": "sgrule-946366856",
                        "attributes": {
                            "cidr_blocks.#": "1",
                            "cidr_blocks.0": "0.0.0.0/0",
                            "description": "",
                            "from_port": "80",
                            "id": "sgrule-946366856",
                            "ipv6_cidr_blocks.#": "0",
                            "prefix_list_ids.#": "0",
                            "protocol": "tcp",
                            "security_group_id": "sg-7f958916",
                            "self": "false",
                            "to_port": "80",
                            "type": "ingress"
                        },
                        "meta": {
                            "schema_version": "2"
                        },
                        "tainted": false
                    },
                    "deposed": [],
                    "provider": "provider.aws"
                },
                "aws_security_group_rule.kabisa-demo-https": {
                    "type": "aws_security_group_rule",
                    "depends_on": [
                        "aws_security_group.kabisa-demo-sg"
                    ],
                    "primary": {
                        "id": "sgrule-1628934437",
                        "attributes": {
                            "cidr_blocks.#": "1",
                            "cidr_blocks.0": "0.0.0.0/0",
                            "description": "",
                            "from_port": "443",
                            "id": "sgrule-1628934437",
                            "ipv6_cidr_blocks.#": "0",
                            "prefix_list_ids.#": "0",
                            "protocol": "tcp",
                            "security_group_id": "sg-7f958916",
                            "self": "false",
                            "to_port": "443",
                            "type": "ingress"
                        },
                        "meta": {
                            "schema_version": "2"
                        },
                        "tainted": false
                    },
                    "deposed": [],
                    "provider": "provider.aws"
                },
                "aws_security_group_rule.kabisa-demo-rds-mysql": {
                    "type": "aws_security_group_rule",
                    "depends_on": [
                        "aws_security_group.kabisa-demo-rds-sg",
                        "aws_security_group.kabisa-demo-sg"
                    ],
                    "primary": {
                        "id": "sgrule-4047518884",
                        "attributes": {
                            "cidr_blocks.#": "0",
                            "description": "",
                            "from_port": "3306",
                            "id": "sgrule-4047518884",
                            "ipv6_cidr_blocks.#": "0",
                            "prefix_list_ids.#": "0",
                            "protocol": "tcp",
                            "security_group_id": "sg-c6938faf",
                            "self": "false",
                            "source_security_group_id": "sg-7f958916",
                            "to_port": "3306",
                            "type": "ingress"
                        },
                        "meta": {
                            "schema_version": "2"
                        },
                        "tainted": false
                    },
                    "deposed": [],
                    "provider": "provider.aws"
                },
                "aws_security_group_rule.kabisa-demo-ssh-hq": {
                    "type": "aws_security_group_rule",
                    "depends_on": [
                        "aws_security_group.kabisa-demo-sg"
                    ],
                    "primary": {
                        "id": "sgrule-2175906475",
                        "attributes": {
                            "cidr_blocks.#": "2",
                            "cidr_blocks.0": "212.78.221.106/32",
                            "cidr_blocks.1": "109.235.33.64/32",
                            "description": "",
                            "from_port": "22",
                            "id": "sgrule-2175906475",
                            "ipv6_cidr_blocks.#": "0",
                            "prefix_list_ids.#": "0",
                            "protocol": "tcp",
                            "security_group_id": "sg-7f958916",
                            "self": "false",
                            "to_port": "22",
                            "type": "ingress"
                        },
                        "meta": {
                            "schema_version": "2"
                        },
                        "tainted": false
                    },
                    "deposed": [],
                    "provider": "provider.aws"
                }
            },
            "depends_on": []
        },
        {
            "path": [
                "root",
                "vpc"
            ],
            "outputs": {
                "database_subnet_group": {
                    "sensitive": false,
                    "type": "string",
                    "value": "kabisa-demo"
                },
                "database_subnets": {
                    "sensitive": false,
                    "type": "list",
                    "value": [
                        "subnet-3ef96457",
                        "subnet-3e932745",
                        "subnet-dd854290"
                    ]
                },
                "database_subnets_cidr_blocks": {
                    "sensitive": false,
                    "type": "list",
                    "value": [
                        "172.16.210.0/24",
                        "172.16.220.0/24",
                        "172.16.230.0/24"
                    ]
                },
                "default_network_acl_id": {
                    "sensitive": false,
                    "type": "string",
                    "value": "acl-a598eccc"
                },
                "default_route_table_id": {
                    "sensitive": false,
                    "type": "string",
                    "value": "rtb-8c285be5"
                },
                "default_security_group_id": {
                    "sensitive": false,
                    "type": "string",
                    "value": "sg-ca968aa3"
                },
                "default_vpc_cidr_block": {
                    "sensitive": false,
                    "type": "string",
                    "value": ""
                },
                "default_vpc_default_network_acl_id": {
                    "sensitive": false,
                    "type": "string",
                    "value": ""
                },
                "default_vpc_default_route_table_id": {
                    "sensitive": false,
                    "type": "string",
                    "value": ""
                },
                "default_vpc_default_security_group_id": {
                    "sensitive": false,
                    "type": "string",
                    "value": ""
                },
                "default_vpc_enable_dns_hostnames": {
                    "sensitive": false,
                    "type": "string",
                    "value": ""
                },
                "default_vpc_enable_dns_support": {
                    "sensitive": false,
                    "type": "string",
                    "value": ""
                },
                "default_vpc_id": {
                    "sensitive": false,
                    "type": "string",
                    "value": ""
                },
                "default_vpc_instance_tenancy": {
                    "sensitive": false,
                    "type": "string",
                    "value": ""
                },
                "default_vpc_main_route_table_id": {
                    "sensitive": false,
                    "type": "string",
                    "value": ""
                },
                "elasticache_subnet_group": {
                    "sensitive": false,
                    "type": "string",
                    "value": ""
                },
                "elasticache_subnet_group_name": {
                    "sensitive": false,
                    "type": "string",
                    "value": ""
                },
                "elasticache_subnets": {
                    "sensitive": false,
                    "type": "list",
                    "value": []
                },
                "elasticache_subnets_cidr_blocks": {
                    "sensitive": false,
                    "type": "list",
                    "value": []
                },
                "igw_id": {
                    "sensitive": false,
                    "type": "string",
                    "value": "igw-1734887e"
                },
                "nat_ids": {
                    "sensitive": false,
                    "type": "list",
                    "value": []
                },
                "nat_public_ips": {
                    "sensitive": false,
                    "type": "list",
                    "value": []
                },
                "natgw_ids": {
                    "sensitive": false,
                    "type": "list",
                    "value": []
                },
                "private_route_table_ids": {
                    "sensitive": false,
                    "type": "list",
                    "value": [
                        "rtb-302a5959",
                        "rtb-ec2b5885",
                        "rtb-59126130"
                    ]
                },
                "private_subnets": {
                    "sensitive": false,
                    "type": "list",
                    "value": [
                        "subnet-19f86570",
                        "subnet-22932759",
                        "subnet-c48d4a89"
                    ]
                },
                "private_subnets_cidr_blocks": {
                    "sensitive": false,
                    "type": "list",
                    "value": [
                        "172.16.110.0/24",
                        "172.16.120.0/24",
                        "172.16.130.0/24"
                    ]
                },
                "public_route_table_ids": {
                    "sensitive": false,
                    "type": "list",
                    "value": [
                        "rtb-992556f0"
                    ]
                },
                "public_subnets": {
                    "sensitive": false,
                    "type": "list",
                    "value": [
                        "subnet-7af56813",
                        "subnet-849327ff",
                        "subnet-bb8d4af6"
                    ]
                },
                "public_subnets_cidr_blocks": {
                    "sensitive": false,
                    "type": "list",
                    "value": [
                        "172.16.10.0/24",
                        "172.16.20.0/24",
                        "172.16.30.0/24"
                    ]
                },
                "redshift_subnet_group": {
                    "sensitive": false,
                    "type": "string",
                    "value": ""
                },
                "redshift_subnets": {
                    "sensitive": false,
                    "type": "list",
                    "value": []
                },
                "redshift_subnets_cidr_blocks": {
                    "sensitive": false,
                    "type": "list",
                    "value": []
                },
                "vgw_id": {
                    "sensitive": false,
                    "type": "string",
                    "value": ""
                },
                "vpc_cidr_block": {
                    "sensitive": false,
                    "type": "string",
                    "value": "172.16.0.0/16"
                },
                "vpc_enable_dns_hostnames": {
                    "sensitive": false,
                    "type": "string",
                    "value": "false"
                },
                "vpc_enable_dns_support": {
                    "sensitive": false,
                    "type": "string",
                    "value": "true"
                },
                "vpc_endpoint_dynamodb_id": {
                    "sensitive": false,
                    "type": "string",
                    "value": ""
                },
                "vpc_endpoint_dynamodb_pl_id": {
                    "sensitive": false,
                    "type": "string",
                    "value": ""
                },
                "vpc_endpoint_s3_id": {
                    "sensitive": false,
                    "type": "string",
                    "value": ""
                },
                "vpc_endpoint_s3_pl_id": {
                    "sensitive": false,
                    "type": "string",
                    "value": ""
                },
                "vpc_id": {
                    "sensitive": false,
                    "type": "string",
                    "value": "vpc-23c0a24a"
                },
                "vpc_instance_tenancy": {
                    "sensitive": false,
                    "type": "string",
                    "value": "default"
                },
                "vpc_main_route_table_id": {
                    "sensitive": false,
                    "type": "string",
                    "value": "rtb-8c285be5"
                }
            },
            "resources": {
                "aws_db_subnet_group.database": {
                    "type": "aws_db_subnet_group",
                    "depends_on": [
                        "aws_subnet.database.*"
                    ],
                    "primary": {
                        "id": "kabisa-demo",
                        "attributes": {
                            "arn": "arn:aws:rds:eu-west-3:702056794978:subgrp:kabisa-demo",
                            "description": "Database subnet group for kabisa-demo",
                            "id": "kabisa-demo",
                            "name": "kabisa-demo",
                            "subnet_ids.#": "3",
                            "subnet_ids.1982223338": "subnet-dd854290",
                            "subnet_ids.3767748753": "subnet-3ef96457",
                            "subnet_ids.768250737": "subnet-3e932745",
                            "tags.%": "1",
                            "tags.Name": "kabisa-demo"
                        },
                        "meta": {},
                        "tainted": false
                    },
                    "deposed": [],
                    "provider": "provider.aws"
                },
                "aws_internet_gateway.this": {
                    "type": "aws_internet_gateway",
                    "depends_on": [
                        "aws_vpc.this"
                    ],
                    "primary": {
                        "id": "igw-1734887e",
                        "attributes": {
                            "id": "igw-1734887e",
                            "tags.%": "1",
                            "tags.Name": "kabisa-demo",
                            "vpc_id": "vpc-23c0a24a"
                        },
                        "meta": {},
                        "tainted": false
                    },
                    "deposed": [],
                    "provider": "provider.aws"
                },
                "aws_route.public_internet_gateway": {
                    "type": "aws_route",
                    "depends_on": [
                        "aws_internet_gateway.this",
                        "aws_route_table.public"
                    ],
                    "primary": {
                        "id": "r-rtb-992556f01080289494",
                        "attributes": {
                            "destination_cidr_block": "0.0.0.0/0",
                            "destination_prefix_list_id": "",
                            "egress_only_gateway_id": "",
                            "gateway_id": "igw-1734887e",
                            "id": "r-rtb-992556f01080289494",
                            "instance_id": "",
                            "instance_owner_id": "",
                            "nat_gateway_id": "",
                            "network_interface_id": "",
                            "origin": "CreateRoute",
                            "route_table_id": "rtb-992556f0",
                            "state": "active",
                            "vpc_peering_connection_id": ""
                        },
                        "meta": {
                            "e2bfb730-ecaa-11e6-8f88-34363bc7c4c0": {
                                "create": 300000000000,
                                "delete": 300000000000
                            }
                        },
                        "tainted": false
                    },
                    "deposed": [],
                    "provider": "provider.aws"
                },
                "aws_route_table.private.0": {
                    "type": "aws_route_table",
                    "depends_on": [
                        "aws_vpc.this",
                        "local.max_subnet_length",
                        "local.nat_gateway_count"
                    ],
                    "primary": {
                        "id": "rtb-302a5959",
                        "attributes": {
                            "id": "rtb-302a5959",
                            "propagating_vgws.#": "0",
                            "route.#": "0",
                            "tags.%": "1",
                            "tags.Name": "kabisa-demo-private-eu-west-3a",
                            "vpc_id": "vpc-23c0a24a"
                        },
                        "meta": {},
                        "tainted": false
                    },
                    "deposed": [],
                    "provider": "provider.aws"
                },
                "aws_route_table.private.1": {
                    "type": "aws_route_table",
                    "depends_on": [
                        "aws_vpc.this",
                        "local.max_subnet_length",
                        "local.nat_gateway_count"
                    ],
                    "primary": {
                        "id": "rtb-ec2b5885",
                        "attributes": {
                            "id": "rtb-ec2b5885",
                            "propagating_vgws.#": "0",
                            "route.#": "0",
                            "tags.%": "1",
                            "tags.Name": "kabisa-demo-private-eu-west-3b",
                            "vpc_id": "vpc-23c0a24a"
                        },
                        "meta": {},
                        "tainted": false
                    },
                    "deposed": [],
                    "provider": "provider.aws"
                },
                "aws_route_table.private.2": {
                    "type": "aws_route_table",
                    "depends_on": [
                        "aws_vpc.this",
                        "local.max_subnet_length",
                        "local.nat_gateway_count"
                    ],
                    "primary": {
                        "id": "rtb-59126130",
                        "attributes": {
                            "id": "rtb-59126130",
                            "propagating_vgws.#": "0",
                            "route.#": "0",
                            "tags.%": "1",
                            "tags.Name": "kabisa-demo-private-eu-west-3c",
                            "vpc_id": "vpc-23c0a24a"
                        },
                        "meta": {},
                        "tainted": false
                    },
                    "deposed": [],
                    "provider": "provider.aws"
                },
                "aws_route_table.public": {
                    "type": "aws_route_table",
                    "depends_on": [
                        "aws_vpc.this"
                    ],
                    "primary": {
                        "id": "rtb-992556f0",
                        "attributes": {
                            "id": "rtb-992556f0",
                            "propagating_vgws.#": "0",
                            "route.#": "1",
                            "route.2509057845.cidr_block": "0.0.0.0/0",
                            "route.2509057845.egress_only_gateway_id": "",
                            "route.2509057845.gateway_id": "igw-1734887e",
                            "route.2509057845.instance_id": "",
                            "route.2509057845.ipv6_cidr_block": "",
                            "route.2509057845.nat_gateway_id": "",
                            "route.2509057845.network_interface_id": "",
                            "route.2509057845.vpc_peering_connection_id": "",
                            "tags.%": "1",
                            "tags.Name": "kabisa-demo-public",
                            "vpc_id": "vpc-23c0a24a"
                        },
                        "meta": {},
                        "tainted": false
                    },
                    "deposed": [],
                    "provider": "provider.aws"
                },
                "aws_route_table_association.database.0": {
                    "type": "aws_route_table_association",
                    "depends_on": [
                        "aws_route_table.private.*",
                        "aws_subnet.database.*"
                    ],
                    "primary": {
                        "id": "rtbassoc-ad3a6ac4",
                        "attributes": {
                            "id": "rtbassoc-ad3a6ac4",
                            "route_table_id": "rtb-302a5959",
                            "subnet_id": "subnet-3ef96457"
                        },
                        "meta": {},
                        "tainted": false
                    },
                    "deposed": [],
                    "provider": "provider.aws"
                },
                "aws_route_table_association.database.1": {
                    "type": "aws_route_table_association",
                    "depends_on": [
                        "aws_route_table.private.*",
                        "aws_subnet.database.*"
                    ],
                    "primary": {
                        "id": "rtbassoc-3332625a",
                        "attributes": {
                            "id": "rtbassoc-3332625a",
                            "route_table_id": "rtb-ec2b5885",
                            "subnet_id": "subnet-3e932745"
                        },
                        "meta": {},
                        "tainted": false
                    },
                    "deposed": [],
                    "provider": "provider.aws"
                },
                "aws_route_table_association.database.2": {
                    "type": "aws_route_table_association",
                    "depends_on": [
                        "aws_route_table.private.*",
                        "aws_subnet.database.*"
                    ],
                    "primary": {
                        "id": "rtbassoc-30326259",
                        "attributes": {
                            "id": "rtbassoc-30326259",
                            "route_table_id": "rtb-59126130",
                            "subnet_id": "subnet-dd854290"
                        },
                        "meta": {},
                        "tainted": false
                    },
                    "deposed": [],
                    "provider": "provider.aws"
                },
                "aws_route_table_association.private.0": {
                    "type": "aws_route_table_association",
                    "depends_on": [
                        "aws_route_table.private.*",
                        "aws_subnet.private.*"
                    ],
                    "primary": {
                        "id": "rtbassoc-6f3a6a06",
                        "attributes": {
                            "id": "rtbassoc-6f3a6a06",
                            "route_table_id": "rtb-302a5959",
                            "subnet_id": "subnet-19f86570"
                        },
                        "meta": {},
                        "tainted": false
                    },
                    "deposed": [],
                    "provider": "provider.aws"
                },
                "aws_route_table_association.private.1": {
                    "type": "aws_route_table_association",
                    "depends_on": [
                        "aws_route_table.private.*",
                        "aws_subnet.private.*"
                    ],
                    "primary": {
                        "id": "rtbassoc-b23868db",
                        "attributes": {
                            "id": "rtbassoc-b23868db",
                            "route_table_id": "rtb-ec2b5885",
                            "subnet_id": "subnet-22932759"
                        },
                        "meta": {},
                        "tainted": false
                    },
                    "deposed": [],
                    "provider": "provider.aws"
                },
                "aws_route_table_association.private.2": {
                    "type": "aws_route_table_association",
                    "depends_on": [
                        "aws_route_table.private.*",
                        "aws_subnet.private.*"
                    ],
                    "primary": {
                        "id": "rtbassoc-40336329",
                        "attributes": {
                            "id": "rtbassoc-40336329",
                            "route_table_id": "rtb-59126130",
                            "subnet_id": "subnet-c48d4a89"
                        },
                        "meta": {},
                        "tainted": false
                    },
                    "deposed": [],
                    "provider": "provider.aws"
                },
                "aws_route_table_association.public.0": {
                    "type": "aws_route_table_association",
                    "depends_on": [
                        "aws_route_table.public",
                        "aws_subnet.public.*"
                    ],
                    "primary": {
                        "id": "rtbassoc-c53464ac",
                        "attributes": {
                            "id": "rtbassoc-c53464ac",
                            "route_table_id": "rtb-992556f0",
                            "subnet_id": "subnet-7af56813"
                        },
                        "meta": {},
                        "tainted": false
                    },
                    "deposed": [],
                    "provider": "provider.aws"
                },
                "aws_route_table_association.public.1": {
                    "type": "aws_route_table_association",
                    "depends_on": [
                        "aws_route_table.public",
                        "aws_subnet.public.*"
                    ],
                    "primary": {
                        "id": "rtbassoc-3232625b",
                        "attributes": {
                            "id": "rtbassoc-3232625b",
                            "route_table_id": "rtb-992556f0",
                            "subnet_id": "subnet-849327ff"
                        },
                        "meta": {},
                        "tainted": false
                    },
                    "deposed": [],
                    "provider": "provider.aws"
                },
                "aws_route_table_association.public.2": {
                    "type": "aws_route_table_association",
                    "depends_on": [
                        "aws_route_table.public",
                        "aws_subnet.public.*"
                    ],
                    "primary": {
                        "id": "rtbassoc-20366649",
                        "attributes": {
                            "id": "rtbassoc-20366649",
                            "route_table_id": "rtb-992556f0",
                            "subnet_id": "subnet-bb8d4af6"
                        },
                        "meta": {},
                        "tainted": false
                    },
                    "deposed": [],
                    "provider": "provider.aws"
                },
                "aws_subnet.database.0": {
                    "type": "aws_subnet",
                    "depends_on": [
                        "aws_vpc.this"
                    ],
                    "primary": {
                        "id": "subnet-3ef96457",
                        "attributes": {
                            "assign_ipv6_address_on_creation": "false",
                            "availability_zone": "eu-west-3a",
                            "cidr_block": "172.16.210.0/24",
                            "id": "subnet-3ef96457",
                            "map_public_ip_on_launch": "false",
                            "tags.%": "1",
                            "tags.Name": "kabisa-demo-db-eu-west-3a",
                            "vpc_id": "vpc-23c0a24a"
                        },
                        "meta": {
                            "schema_version": "1"
                        },
                        "tainted": false
                    },
                    "deposed": [],
                    "provider": "provider.aws"
                },
                "aws_subnet.database.1": {
                    "type": "aws_subnet",
                    "depends_on": [
                        "aws_vpc.this"
                    ],
                    "primary": {
                        "id": "subnet-3e932745",
                        "attributes": {
                            "assign_ipv6_address_on_creation": "false",
                            "availability_zone": "eu-west-3b",
                            "cidr_block": "172.16.220.0/24",
                            "id": "subnet-3e932745",
                            "map_public_ip_on_launch": "false",
                            "tags.%": "1",
                            "tags.Name": "kabisa-demo-db-eu-west-3b",
                            "vpc_id": "vpc-23c0a24a"
                        },
                        "meta": {
                            "schema_version": "1"
                        },
                        "tainted": false
                    },
                    "deposed": [],
                    "provider": "provider.aws"
                },
                "aws_subnet.database.2": {
                    "type": "aws_subnet",
                    "depends_on": [
                        "aws_vpc.this"
                    ],
                    "primary": {
                        "id": "subnet-dd854290",
                        "attributes": {
                            "assign_ipv6_address_on_creation": "false",
                            "availability_zone": "eu-west-3c",
                            "cidr_block": "172.16.230.0/24",
                            "id": "subnet-dd854290",
                            "map_public_ip_on_launch": "false",
                            "tags.%": "1",
                            "tags.Name": "kabisa-demo-db-eu-west-3c",
                            "vpc_id": "vpc-23c0a24a"
                        },
                        "meta": {
                            "schema_version": "1"
                        },
                        "tainted": false
                    },
                    "deposed": [],
                    "provider": "provider.aws"
                },
                "aws_subnet.private.0": {
                    "type": "aws_subnet",
                    "depends_on": [
                        "aws_vpc.this"
                    ],
                    "primary": {
                        "id": "subnet-19f86570",
                        "attributes": {
                            "assign_ipv6_address_on_creation": "false",
                            "availability_zone": "eu-west-3a",
                            "cidr_block": "172.16.110.0/24",
                            "id": "subnet-19f86570",
                            "map_public_ip_on_launch": "false",
                            "tags.%": "1",
                            "tags.Name": "kabisa-demo-private-eu-west-3a",
                            "vpc_id": "vpc-23c0a24a"
                        },
                        "meta": {
                            "schema_version": "1"
                        },
                        "tainted": false
                    },
                    "deposed": [],
                    "provider": "provider.aws"
                },
                "aws_subnet.private.1": {
                    "type": "aws_subnet",
                    "depends_on": [
                        "aws_vpc.this"
                    ],
                    "primary": {
                        "id": "subnet-22932759",
                        "attributes": {
                            "assign_ipv6_address_on_creation": "false",
                            "availability_zone": "eu-west-3b",
                            "cidr_block": "172.16.120.0/24",
                            "id": "subnet-22932759",
                            "map_public_ip_on_launch": "false",
                            "tags.%": "1",
                            "tags.Name": "kabisa-demo-private-eu-west-3b",
                            "vpc_id": "vpc-23c0a24a"
                        },
                        "meta": {
                            "schema_version": "1"
                        },
                        "tainted": false
                    },
                    "deposed": [],
                    "provider": "provider.aws"
                },
                "aws_subnet.private.2": {
                    "type": "aws_subnet",
                    "depends_on": [
                        "aws_vpc.this"
                    ],
                    "primary": {
                        "id": "subnet-c48d4a89",
                        "attributes": {
                            "assign_ipv6_address_on_creation": "false",
                            "availability_zone": "eu-west-3c",
                            "cidr_block": "172.16.130.0/24",
                            "id": "subnet-c48d4a89",
                            "map_public_ip_on_launch": "false",
                            "tags.%": "1",
                            "tags.Name": "kabisa-demo-private-eu-west-3c",
                            "vpc_id": "vpc-23c0a24a"
                        },
                        "meta": {
                            "schema_version": "1"
                        },
                        "tainted": false
                    },
                    "deposed": [],
                    "provider": "provider.aws"
                },
                "aws_subnet.public.0": {
                    "type": "aws_subnet",
                    "depends_on": [
                        "aws_vpc.this"
                    ],
                    "primary": {
                        "id": "subnet-7af56813",
                        "attributes": {
                            "assign_ipv6_address_on_creation": "false",
                            "availability_zone": "eu-west-3a",
                            "cidr_block": "172.16.10.0/24",
                            "id": "subnet-7af56813",
                            "map_public_ip_on_launch": "true",
                            "tags.%": "1",
                            "tags.Name": "kabisa-demo-public-eu-west-3a",
                            "vpc_id": "vpc-23c0a24a"
                        },
                        "meta": {
                            "schema_version": "1"
                        },
                        "tainted": false
                    },
                    "deposed": [],
                    "provider": "provider.aws"
                },
                "aws_subnet.public.1": {
                    "type": "aws_subnet",
                    "depends_on": [
                        "aws_vpc.this"
                    ],
                    "primary": {
                        "id": "subnet-849327ff",
                        "attributes": {
                            "assign_ipv6_address_on_creation": "false",
                            "availability_zone": "eu-west-3b",
                            "cidr_block": "172.16.20.0/24",
                            "id": "subnet-849327ff",
                            "map_public_ip_on_launch": "true",
                            "tags.%": "1",
                            "tags.Name": "kabisa-demo-public-eu-west-3b",
                            "vpc_id": "vpc-23c0a24a"
                        },
                        "meta": {
                            "schema_version": "1"
                        },
                        "tainted": false
                    },
                    "deposed": [],
                    "provider": "provider.aws"
                },
                "aws_subnet.public.2": {
                    "type": "aws_subnet",
                    "depends_on": [
                        "aws_vpc.this"
                    ],
                    "primary": {
                        "id": "subnet-bb8d4af6",
                        "attributes": {
                            "assign_ipv6_address_on_creation": "false",
                            "availability_zone": "eu-west-3c",
                            "cidr_block": "172.16.30.0/24",
                            "id": "subnet-bb8d4af6",
                            "map_public_ip_on_launch": "true",
                            "tags.%": "1",
                            "tags.Name": "kabisa-demo-public-eu-west-3c",
                            "vpc_id": "vpc-23c0a24a"
                        },
                        "meta": {
                            "schema_version": "1"
                        },
                        "tainted": false
                    },
                    "deposed": [],
                    "provider": "provider.aws"
                },
                "aws_vpc.this": {
                    "type": "aws_vpc",
                    "depends_on": [],
                    "primary": {
                        "id": "vpc-23c0a24a",
                        "attributes": {
                            "assign_generated_ipv6_cidr_block": "false",
                            "cidr_block": "172.16.0.0/16",
                            "default_network_acl_id": "acl-a598eccc",
                            "default_route_table_id": "rtb-8c285be5",
                            "default_security_group_id": "sg-ca968aa3",
                            "dhcp_options_id": "dopt-d09e5eb9",
                            "enable_dns_hostnames": "false",
                            "enable_dns_support": "true",
                            "id": "vpc-23c0a24a",
                            "instance_tenancy": "default",
                            "main_route_table_id": "rtb-8c285be5",
                            "tags.%": "1",
                            "tags.Name": "kabisa-demo"
                        },
                        "meta": {
                            "schema_version": "1"
                        },
                        "tainted": false
                    },
                    "deposed": [],
                    "provider": "provider.aws"
                }
            },
            "depends_on": []
        }
    ]
}
