{
    "version": 3,
    "terraform_version": "0.11.7",
    "serial": 3,
    "lineage": "192391a6-acc7-dcab-8736-4d94511843cb",
    "modules": [
        {
            "path": [
                "root"
            ],
            "outputs": {
                "db-hostname": {
                    "sensitive": false,
                    "type": "string",
                    "value": "kabisa-demo-db.c8xycw9slggm.eu-west-3.rds.amazonaws.com:3306"
                },
                "db-password": {
                    "sensitive": false,
                    "type": "string",
                    "value": "SecretWordpress"
                },
                "db-username": {
                    "sensitive": false,
                    "type": "string",
                    "value": "wordpress"
                },
                "ip": {
                    "sensitive": false,
                    "type": "string",
                    "value": "52.47.68.19"
                }
            },
            "resources": {
                "aws_db_instance.kabisa-demo-db": {
                    "type": "aws_db_instance",
                    "depends_on": [
                        "aws_security_group.kabisa-demo-rds-sg",
                        "module.vpc"
                    ],
                    "primary": {
                        "id": "kabisa-demo-db",
                        "attributes": {
                            "address": "kabisa-demo-db.c8xycw9slggm.eu-west-3.rds.amazonaws.com",
                            "allocated_storage": "20",
                            "apply_immediately": "true",
                            "arn": "arn:aws:rds:eu-west-3:702056794978:db:kabisa-demo-db",
                            "auto_minor_version_upgrade": "true",
                            "availability_zone": "eu-west-3a",
                            "backup_retention_period": "0",
                            "backup_window": "09:53-10:23",
                            "ca_cert_identifier": "rds-ca-2015",
                            "copy_tags_to_snapshot": "false",
                            "db_subnet_group_name": "kabisa-demo",
                            "enabled_cloudwatch_logs_exports.#": "0",
                            "endpoint": "kabisa-demo-db.c8xycw9slggm.eu-west-3.rds.amazonaws.com:3306",
                            "engine": "mysql",
                            "engine_version": "5.7.21",
                            "hosted_zone_id": "ZMESEXB7ZGGQ3",
                            "iam_database_authentication_enabled": "false",
                            "id": "kabisa-demo-db",
                            "identifier": "kabisa-demo-db",
                            "instance_class": "db.t2.micro",
                            "iops": "0",
                            "kms_key_id": "",
                            "license_model": "general-public-license",
                            "maintenance_window": "tue:02:25-tue:02:55",
                            "monitoring_interval": "0",
                            "multi_az": "true",
                            "name": "wordpress",
                            "option_group_name": "default:mysql-5-7",
                            "parameter_group_name": "default.mysql5.7",
                            "password": "SecretWordpress",
                            "port": "3306",
                            "publicly_accessible": "false",
                            "replicas.#": "0",
                            "replicate_source_db": "",
                            "resource_id": "db-WRDU6KUHPBWVJMEYDMU5XOSFCU",
                            "security_group_names.#": "0",
                            "skip_final_snapshot": "false",
                            "status": "available",
                            "storage_encrypted": "false",
                            "storage_type": "gp2",
                            "tags.%": "0",
                            "timezone": "",
                            "username": "wordpress",
                            "vpc_security_group_ids.#": "1",
                            "vpc_security_group_ids.1650706409": "sg-aa5b43c3"
                        },
                        "meta": {
                            "e2bfb730-ecaa-11e6-8f88-34363bc7c4c0": {
                                "create": 2400000000000,
                                "delete": 2400000000000,
                                "update": 4800000000000
                            }
                        },
                        "tainted": false
                    },
                    "deposed": [],
                    "provider": "provider.aws"
                },
                "aws_eip.elastic_ip": {
                    "type": "aws_eip",
                    "depends_on": [],
                    "primary": {
                        "id": "eipalloc-c496b6ea",
                        "attributes": {
                            "association_id": "eipassoc-ba1eee77",
                            "domain": "vpc",
                            "id": "eipalloc-c496b6ea",
                            "instance": "i-0af7d601bd652a5ec",
                            "network_interface": "eni-3cc14f69",
                            "private_ip": "172.16.20.155",
                            "public_ip": "52.47.68.19",
                            "tags.%": "0",
                            "vpc": "true"
                        },
                        "meta": {
                            "e2bfb730-ecaa-11e6-8f88-34363bc7c4c0": {
                                "delete": 180000000000,
                                "read": 900000000000,
                                "update": 300000000000
                            }
                        },
                        "tainted": false
                    },
                    "deposed": [],
                    "provider": "provider.aws"
                },
                "aws_eip_association.eip_assoc": {
                    "type": "aws_eip_association",
                    "depends_on": [
                        "aws_eip.elastic_ip",
                        "aws_instance.kabisa-demo-instance"
                    ],
                    "primary": {
                        "id": "eipassoc-ba1eee77",
                        "attributes": {
                            "allocation_id": "eipalloc-c496b6ea",
                            "id": "eipassoc-ba1eee77",
                            "instance_id": "i-0af7d601bd652a5ec",
                            "network_interface_id": "eni-3cc14f69",
                            "private_ip_address": "172.16.20.155",
                            "public_ip": "52.47.68.19"
                        },
                        "meta": {},
                        "tainted": false
                    },
                    "deposed": [],
                    "provider": "provider.aws"
                },
                "aws_instance.kabisa-demo-instance": {
                    "type": "aws_instance",
                    "depends_on": [
                        "aws_security_group.kabisa-demo-sg",
                        "module.vpc"
                    ],
                    "primary": {
                        "id": "i-0af7d601bd652a5ec",
                        "attributes": {
                            "ami": "ami-e7cf7e9a",
                            "associate_public_ip_address": "true",
                            "availability_zone": "eu-west-3b",
                            "credit_specification.#": "1",
                            "credit_specification.0.cpu_credits": "standard",
                            "disable_api_termination": "false",
                            "ebs_block_device.#": "0",
                            "ebs_optimized": "false",
                            "ephemeral_block_device.#": "0",
                            "get_password_data": "false",
                            "iam_instance_profile": "",
                            "id": "i-0af7d601bd652a5ec",
                            "instance_state": "running",
                            "instance_type": "t2.micro",
                            "ipv6_addresses.#": "0",
                            "key_name": "KabisaParis",
                            "monitoring": "false",
                            "network_interface.#": "0",
                            "network_interface_id": "eni-3cc14f69",
                            "password_data": "",
                            "placement_group": "",
                            "primary_network_interface_id": "eni-3cc14f69",
                            "private_dns": "ip-172-16-20-155.eu-west-3.compute.internal",
                            "private_ip": "172.16.20.155",
                            "public_dns": "",
                            "public_ip": "52.47.68.19",
                            "root_block_device.#": "1",
                            "root_block_device.0.delete_on_termination": "true",
                            "root_block_device.0.iops": "100",
                            "root_block_device.0.volume_id": "vol-0bba2464df31ed594",
                            "root_block_device.0.volume_size": "8",
                            "root_block_device.0.volume_type": "gp2",
                            "security_groups.#": "0",
                            "source_dest_check": "true",
                            "subnet_id": "subnet-ef75c294",
                            "tags.%": "0",
                            "tenancy": "default",
                            "volume_tags.%": "0",
                            "vpc_security_group_ids.#": "1",
                            "vpc_security_group_ids.1095389630": "sg-20534b49"
                        },
                        "meta": {
                            "e2bfb730-ecaa-11e6-8f88-34363bc7c4c0": {
                                "create": 600000000000,
                                "delete": 1200000000000,
                                "update": 600000000000
                            },
                            "schema_version": "1"
                        },
                        "tainted": false
                    },
                    "deposed": [],
                    "provider": "provider.aws"
                },
                "aws_security_group.kabisa-demo-rds-sg": {
                    "type": "aws_security_group",
                    "depends_on": [
                        "module.vpc"
                    ],
                    "primary": {
                        "id": "sg-aa5b43c3",
                        "attributes": {
                            "arn": "arn:aws:ec2:eu-west-3:702056794978:security-group/sg-aa5b43c3",
                            "description": "Kabisa Demo RDS security group",
                            "egress.#": "0",
                            "id": "sg-aa5b43c3",
                            "ingress.#": "0",
                            "name": "kabisa-demo-rds-sg",
                            "owner_id": "702056794978",
                            "revoke_rules_on_delete": "false",
                            "tags.%": "0",
                            "vpc_id": "vpc-517e1238"
                        },
                        "meta": {
                            "e2bfb730-ecaa-11e6-8f88-34363bc7c4c0": {
                                "create": 600000000000,
                                "delete": 600000000000
                            },
                            "schema_version": "1"
                        },
                        "tainted": false
                    },
                    "deposed": [],
                    "provider": "provider.aws"
                },
                "aws_security_group.kabisa-demo-sg": {
                    "type": "aws_security_group",
                    "depends_on": [
                        "module.vpc"
                    ],
                    "primary": {
                        "id": "sg-20534b49",
                        "attributes": {
                            "arn": "arn:aws:ec2:eu-west-3:702056794978:security-group/sg-20534b49",
                            "description": "Kabisa Demo Security Group",
                            "egress.#": "1",
                            "egress.482069346.cidr_blocks.#": "1",
                            "egress.482069346.cidr_blocks.0": "0.0.0.0/0",
                            "egress.482069346.description": "",
                            "egress.482069346.from_port": "0",
                            "egress.482069346.ipv6_cidr_blocks.#": "0",
                            "egress.482069346.prefix_list_ids.#": "0",
                            "egress.482069346.protocol": "-1",
                            "egress.482069346.security_groups.#": "0",
                            "egress.482069346.self": "false",
                            "egress.482069346.to_port": "0",
                            "id": "sg-20534b49",
                            "ingress.#": "3",
                            "ingress.2214680975.cidr_blocks.#": "1",
                            "ingress.2214680975.cidr_blocks.0": "0.0.0.0/0",
                            "ingress.2214680975.description": "",
                            "ingress.2214680975.from_port": "80",
                            "ingress.2214680975.ipv6_cidr_blocks.#": "0",
                            "ingress.2214680975.protocol": "tcp",
                            "ingress.2214680975.security_groups.#": "0",
                            "ingress.2214680975.self": "false",
                            "ingress.2214680975.to_port": "80",
                            "ingress.2617001939.cidr_blocks.#": "1",
                            "ingress.2617001939.cidr_blocks.0": "0.0.0.0/0",
                            "ingress.2617001939.description": "",
                            "ingress.2617001939.from_port": "443",
                            "ingress.2617001939.ipv6_cidr_blocks.#": "0",
                            "ingress.2617001939.protocol": "tcp",
                            "ingress.2617001939.security_groups.#": "0",
                            "ingress.2617001939.self": "false",
                            "ingress.2617001939.to_port": "443",
                            "ingress.3214870081.cidr_blocks.#": "2",
                            "ingress.3214870081.cidr_blocks.0": "212.78.221.106/32",
                            "ingress.3214870081.cidr_blocks.1": "109.235.33.64/32",
                            "ingress.3214870081.description": "",
                            "ingress.3214870081.from_port": "22",
                            "ingress.3214870081.ipv6_cidr_blocks.#": "0",
                            "ingress.3214870081.protocol": "tcp",
                            "ingress.3214870081.security_groups.#": "0",
                            "ingress.3214870081.self": "false",
                            "ingress.3214870081.to_port": "22",
                            "name": "kabisa-demo-sg",
                            "owner_id": "702056794978",
                            "revoke_rules_on_delete": "false",
                            "tags.%": "0",
                            "vpc_id": "vpc-517e1238"
                        },
                        "meta": {
                            "e2bfb730-ecaa-11e6-8f88-34363bc7c4c0": {
                                "create": 600000000000,
                                "delete": 600000000000
                            },
                            "schema_version": "1"
                        },
                        "tainted": false
                    },
                    "deposed": [],
                    "provider": "provider.aws"
                },
                "aws_security_group_rule.kabisa-demo-egress_all": {
                    "type": "aws_security_group_rule",
                    "depends_on": [
                        "aws_security_group.kabisa-demo-sg"
                    ],
                    "primary": {
                        "id": "sgrule-2443194276",
                        "attributes": {
                            "cidr_blocks.#": "1",
                            "cidr_blocks.0": "0.0.0.0/0",
                            "description": "",
                            "from_port": "0",
                            "id": "sgrule-2443194276",
                            "ipv6_cidr_blocks.#": "0",
                            "prefix_list_ids.#": "0",
                            "protocol": "-1",
                            "security_group_id": "sg-20534b49",
                            "self": "false",
                            "to_port": "0",
                            "type": "egress"
                        },
                        "meta": {
                            "schema_version": "2"
                        },
                        "tainted": false
                    },
                    "deposed": [],
                    "provider": "provider.aws"
                },
                "aws_security_group_rule.kabisa-demo-http": {
                    "type": "aws_security_group_rule",
                    "depends_on": [
                        "aws_security_group.kabisa-demo-sg"
                    ],
                    "primary": {
                        "id": "sgrule-424409974",
                        "attributes": {
                            "cidr_blocks.#": "1",
                            "cidr_blocks.0": "0.0.0.0/0",
                            "description": "",
                            "from_port": "80",
                            "id": "sgrule-424409974",
                            "ipv6_cidr_blocks.#": "0",
                            "prefix_list_ids.#": "0",
                            "protocol": "tcp",
                            "security_group_id": "sg-20534b49",
                            "self": "false",
                            "to_port": "80",
                            "type": "ingress"
                        },
                        "meta": {
                            "schema_version": "2"
                        },
                        "tainted": false
                    },
                    "deposed": [],
                    "provider": "provider.aws"
                },
                "aws_security_group_rule.kabisa-demo-https": {
                    "type": "aws_security_group_rule",
                    "depends_on": [
                        "aws_security_group.kabisa-demo-sg"
                    ],
                    "primary": {
                        "id": "sgrule-4113141341",
                        "attributes": {
                            "cidr_blocks.#": "1",
                            "cidr_blocks.0": "0.0.0.0/0",
                            "description": "",
                            "from_port": "443",
                            "id": "sgrule-4113141341",
                            "ipv6_cidr_blocks.#": "0",
                            "prefix_list_ids.#": "0",
                            "protocol": "tcp",
                            "security_group_id": "sg-20534b49",
                            "self": "false",
                            "to_port": "443",
                            "type": "ingress"
                        },
                        "meta": {
                            "schema_version": "2"
                        },
                        "tainted": false
                    },
                    "deposed": [],
                    "provider": "provider.aws"
                },
                "aws_security_group_rule.kabisa-demo-rds-mysql": {
                    "type": "aws_security_group_rule",
                    "depends_on": [
                        "aws_security_group.kabisa-demo-rds-sg",
                        "aws_security_group.kabisa-demo-sg"
                    ],
                    "primary": {
                        "id": "sgrule-384323029",
                        "attributes": {
                            "from_port": "3306",
                            "id": "sgrule-384323029",
                            "protocol": "tcp",
                            "security_group_id": "sg-aa5b43c3",
                            "self": "false",
                            "source_security_group_id": "sg-20534b49",
                            "to_port": "3306",
                            "type": "ingress"
                        },
                        "meta": {
                            "schema_version": "2"
                        },
                        "tainted": false
                    },
                    "deposed": [],
                    "provider": "provider.aws"
                },
                "aws_security_group_rule.kabisa-demo-ssh-hq": {
                    "type": "aws_security_group_rule",
                    "depends_on": [
                        "aws_security_group.kabisa-demo-sg"
                    ],
                    "primary": {
                        "id": "sgrule-939592636",
                        "attributes": {
                            "cidr_blocks.#": "2",
                            "cidr_blocks.0": "212.78.221.106/32",
                            "cidr_blocks.1": "109.235.33.64/32",
                            "description": "",
                            "from_port": "22",
                            "id": "sgrule-939592636",
                            "ipv6_cidr_blocks.#": "0",
                            "prefix_list_ids.#": "0",
                            "protocol": "tcp",
                            "security_group_id": "sg-20534b49",
                            "self": "false",
                            "to_port": "22",
                            "type": "ingress"
                        },
                        "meta": {
                            "schema_version": "2"
                        },
                        "tainted": false
                    },
                    "deposed": [],
                    "provider": "provider.aws"
                }
            },
            "depends_on": []
        },
        {
            "path": [
                "root",
                "vpc"
            ],
            "outputs": {
                "database_subnet_group": {
                    "sensitive": false,
                    "type": "string",
                    "value": "kabisa-demo"
                },
                "database_subnets": {
                    "sensitive": false,
                    "type": "list",
                    "value": [
                        "subnet-24e37f4d",
                        "subnet-ad76c1d6",
                        "subnet-f577b0b8"
                    ]
                },
                "database_subnets_cidr_blocks": {
                    "sensitive": false,
                    "type": "list",
                    "value": [
                        "172.16.210.0/24",
                        "172.16.220.0/24",
                        "172.16.230.0/24"
                    ]
                },
                "default_network_acl_id": {
                    "sensitive": false,
                    "type": "string",
                    "value": "acl-3615635f"
                },
                "default_route_table_id": {
                    "sensitive": false,
                    "type": "string",
                    "value": "rtb-11a6d478"
                },
                "default_security_group_id": {
                    "sensitive": false,
                    "type": "string",
                    "value": "sg-155c447c"
                },
                "default_vpc_cidr_block": {
                    "sensitive": false,
                    "type": "string",
                    "value": ""
                },
                "default_vpc_default_network_acl_id": {
                    "sensitive": false,
                    "type": "string",
                    "value": ""
                },
                "default_vpc_default_route_table_id": {
                    "sensitive": false,
                    "type": "string",
                    "value": ""
                },
                "default_vpc_default_security_group_id": {
                    "sensitive": false,
                    "type": "string",
                    "value": ""
                },
                "default_vpc_enable_dns_hostnames": {
                    "sensitive": false,
                    "type": "string",
                    "value": ""
                },
                "default_vpc_enable_dns_support": {
                    "sensitive": false,
                    "type": "string",
                    "value": ""
                },
                "default_vpc_id": {
                    "sensitive": false,
                    "type": "string",
                    "value": ""
                },
                "default_vpc_instance_tenancy": {
                    "sensitive": false,
                    "type": "string",
                    "value": ""
                },
                "default_vpc_main_route_table_id": {
                    "sensitive": false,
                    "type": "string",
                    "value": ""
                },
                "elasticache_subnet_group": {
                    "sensitive": false,
                    "type": "string",
                    "value": ""
                },
                "elasticache_subnet_group_name": {
                    "sensitive": false,
                    "type": "string",
                    "value": ""
                },
                "elasticache_subnets": {
                    "sensitive": false,
                    "type": "list",
                    "value": []
                },
                "elasticache_subnets_cidr_blocks": {
                    "sensitive": false,
                    "type": "list",
                    "value": []
                },
                "igw_id": {
                    "sensitive": false,
                    "type": "string",
                    "value": "igw-308c3359"
                },
                "nat_ids": {
                    "sensitive": false,
                    "type": "list",
                    "value": []
                },
                "nat_public_ips": {
                    "sensitive": false,
                    "type": "list",
                    "value": []
                },
                "natgw_ids": {
                    "sensitive": false,
                    "type": "list",
                    "value": []
                },
                "private_route_table_ids": {
                    "sensitive": false,
                    "type": "list",
                    "value": [
                        "rtb-a6abd9cf",
                        "rtb-eca8da85",
                        "rtb-d0a4d6b9"
                    ]
                },
                "private_subnets": {
                    "sensitive": false,
                    "type": "list",
                    "value": []
                },
                "private_subnets_cidr_blocks": {
                    "sensitive": false,
                    "type": "list",
                    "value": []
                },
                "public_route_table_ids": {
                    "sensitive": false,
                    "type": "list",
                    "value": [
                        "rtb-e0a5d789"
                    ]
                },
                "public_subnets": {
                    "sensitive": false,
                    "type": "list",
                    "value": [
                        "subnet-50980439",
                        "subnet-ef75c294",
                        "subnet-fa77b0b7"
                    ]
                },
                "public_subnets_cidr_blocks": {
                    "sensitive": false,
                    "type": "list",
                    "value": [
                        "172.16.10.0/24",
                        "172.16.20.0/24",
                        "172.16.30.0/24"
                    ]
                },
                "redshift_subnet_group": {
                    "sensitive": false,
                    "type": "string",
                    "value": ""
                },
                "redshift_subnets": {
                    "sensitive": false,
                    "type": "list",
                    "value": []
                },
                "redshift_subnets_cidr_blocks": {
                    "sensitive": false,
                    "type": "list",
                    "value": []
                },
                "vgw_id": {
                    "sensitive": false,
                    "type": "string",
                    "value": ""
                },
                "vpc_cidr_block": {
                    "sensitive": false,
                    "type": "string",
                    "value": "172.16.0.0/16"
                },
                "vpc_enable_dns_hostnames": {
                    "sensitive": false,
                    "type": "string",
                    "value": "false"
                },
                "vpc_enable_dns_support": {
                    "sensitive": false,
                    "type": "string",
                    "value": "true"
                },
                "vpc_endpoint_dynamodb_id": {
                    "sensitive": false,
                    "type": "string",
                    "value": ""
                },
                "vpc_endpoint_dynamodb_pl_id": {
                    "sensitive": false,
                    "type": "string",
                    "value": ""
                },
                "vpc_endpoint_s3_id": {
                    "sensitive": false,
                    "type": "string",
                    "value": ""
                },
                "vpc_endpoint_s3_pl_id": {
                    "sensitive": false,
                    "type": "string",
                    "value": ""
                },
                "vpc_id": {
                    "sensitive": false,
                    "type": "string",
                    "value": "vpc-517e1238"
                },
                "vpc_instance_tenancy": {
                    "sensitive": false,
                    "type": "string",
                    "value": "default"
                },
                "vpc_main_route_table_id": {
                    "sensitive": false,
                    "type": "string",
                    "value": "rtb-11a6d478"
                }
            },
            "resources": {
                "aws_db_subnet_group.database": {
                    "type": "aws_db_subnet_group",
                    "depends_on": [
                        "aws_subnet.database.*"
                    ],
                    "primary": {
                        "id": "kabisa-demo",
                        "attributes": {
                            "arn": "arn:aws:rds:eu-west-3:702056794978:subgrp:kabisa-demo",
                            "description": "Database subnet group for kabisa-demo",
                            "id": "kabisa-demo",
                            "name": "kabisa-demo",
                            "subnet_ids.#": "3",
                            "subnet_ids.1497525431": "subnet-24e37f4d",
                            "subnet_ids.2151800732": "subnet-f577b0b8",
                            "subnet_ids.987405029": "subnet-ad76c1d6",
                            "tags.%": "1",
                            "tags.Name": "kabisa-demo"
                        },
                        "meta": {},
                        "tainted": false
                    },
                    "deposed": [],
                    "provider": "provider.aws"
                },
                "aws_internet_gateway.this": {
                    "type": "aws_internet_gateway",
                    "depends_on": [
                        "aws_vpc.this"
                    ],
                    "primary": {
                        "id": "igw-308c3359",
                        "attributes": {
                            "id": "igw-308c3359",
                            "tags.%": "1",
                            "tags.Name": "kabisa-demo",
                            "vpc_id": "vpc-517e1238"
                        },
                        "meta": {},
                        "tainted": false
                    },
                    "deposed": [],
                    "provider": "provider.aws"
                },
                "aws_route.public_internet_gateway": {
                    "type": "aws_route",
                    "depends_on": [
                        "aws_internet_gateway.this",
                        "aws_route_table.public"
                    ],
                    "primary": {
                        "id": "r-rtb-e0a5d7891080289494",
                        "attributes": {
                            "destination_cidr_block": "0.0.0.0/0",
                            "destination_prefix_list_id": "",
                            "egress_only_gateway_id": "",
                            "gateway_id": "igw-308c3359",
                            "id": "r-rtb-e0a5d7891080289494",
                            "instance_id": "",
                            "instance_owner_id": "",
                            "nat_gateway_id": "",
                            "network_interface_id": "",
                            "origin": "CreateRoute",
                            "route_table_id": "rtb-e0a5d789",
                            "state": "active",
                            "vpc_peering_connection_id": ""
                        },
                        "meta": {
                            "e2bfb730-ecaa-11e6-8f88-34363bc7c4c0": {
                                "create": 300000000000,
                                "delete": 300000000000
                            }
                        },
                        "tainted": false
                    },
                    "deposed": [],
                    "provider": "provider.aws"
                },
                "aws_route_table.private.0": {
                    "type": "aws_route_table",
                    "depends_on": [
                        "aws_vpc.this",
                        "local.max_subnet_length",
                        "local.nat_gateway_count"
                    ],
                    "primary": {
                        "id": "rtb-a6abd9cf",
                        "attributes": {
                            "id": "rtb-a6abd9cf",
                            "propagating_vgws.#": "0",
                            "route.#": "0",
                            "tags.%": "1",
                            "tags.Name": "kabisa-demo-private-eu-west-3a",
                            "vpc_id": "vpc-517e1238"
                        },
                        "meta": {},
                        "tainted": false
                    },
                    "deposed": [],
                    "provider": "provider.aws"
                },
                "aws_route_table.private.1": {
                    "type": "aws_route_table",
                    "depends_on": [
                        "aws_vpc.this",
                        "local.max_subnet_length",
                        "local.nat_gateway_count"
                    ],
                    "primary": {
                        "id": "rtb-eca8da85",
                        "attributes": {
                            "id": "rtb-eca8da85",
                            "propagating_vgws.#": "0",
                            "route.#": "0",
                            "tags.%": "1",
                            "tags.Name": "kabisa-demo-private-eu-west-3b",
                            "vpc_id": "vpc-517e1238"
                        },
                        "meta": {},
                        "tainted": false
                    },
                    "deposed": [],
                    "provider": "provider.aws"
                },
                "aws_route_table.private.2": {
                    "type": "aws_route_table",
                    "depends_on": [
                        "aws_vpc.this",
                        "local.max_subnet_length",
                        "local.nat_gateway_count"
                    ],
                    "primary": {
                        "id": "rtb-d0a4d6b9",
                        "attributes": {
                            "id": "rtb-d0a4d6b9",
                            "propagating_vgws.#": "0",
                            "route.#": "0",
                            "tags.%": "1",
                            "tags.Name": "kabisa-demo-private-eu-west-3c",
                            "vpc_id": "vpc-517e1238"
                        },
                        "meta": {},
                        "tainted": false
                    },
                    "deposed": [],
                    "provider": "provider.aws"
                },
                "aws_route_table.public": {
                    "type": "aws_route_table",
                    "depends_on": [
                        "aws_vpc.this"
                    ],
                    "primary": {
                        "id": "rtb-e0a5d789",
                        "attributes": {
                            "id": "rtb-e0a5d789",
                            "propagating_vgws.#": "0",
                            "route.#": "1",
                            "route.4116865277.cidr_block": "0.0.0.0/0",
                            "route.4116865277.egress_only_gateway_id": "",
                            "route.4116865277.gateway_id": "igw-308c3359",
                            "route.4116865277.instance_id": "",
                            "route.4116865277.ipv6_cidr_block": "",
                            "route.4116865277.nat_gateway_id": "",
                            "route.4116865277.network_interface_id": "",
                            "route.4116865277.vpc_peering_connection_id": "",
                            "tags.%": "1",
                            "tags.Name": "kabisa-demo-public",
                            "vpc_id": "vpc-517e1238"
                        },
                        "meta": {},
                        "tainted": false
                    },
                    "deposed": [],
                    "provider": "provider.aws"
                },
                "aws_route_table_association.database.0": {
                    "type": "aws_route_table_association",
                    "depends_on": [
                        "aws_route_table.private.*",
                        "aws_subnet.database.*"
                    ],
                    "primary": {
                        "id": "rtbassoc-e47f2d8d",
                        "attributes": {
                            "id": "rtbassoc-e47f2d8d",
                            "route_table_id": "rtb-a6abd9cf",
                            "subnet_id": "subnet-24e37f4d"
                        },
                        "meta": {},
                        "tainted": false
                    },
                    "deposed": [],
                    "provider": "provider.aws"
                },
                "aws_route_table_association.database.1": {
                    "type": "aws_route_table_association",
                    "depends_on": [
                        "aws_route_table.private.*",
                        "aws_subnet.database.*"
                    ],
                    "primary": {
                        "id": "rtbassoc-397b2950",
                        "attributes": {
                            "id": "rtbassoc-397b2950",
                            "route_table_id": "rtb-eca8da85",
                            "subnet_id": "subnet-ad76c1d6"
                        },
                        "meta": {},
                        "tainted": false
                    },
                    "deposed": [],
                    "provider": "provider.aws"
                },
                "aws_route_table_association.database.2": {
                    "type": "aws_route_table_association",
                    "depends_on": [
                        "aws_route_table.private.*",
                        "aws_subnet.database.*"
                    ],
                    "primary": {
                        "id": "rtbassoc-e57f2d8c",
                        "attributes": {
                            "id": "rtbassoc-e57f2d8c",
                            "route_table_id": "rtb-d0a4d6b9",
                            "subnet_id": "subnet-f577b0b8"
                        },
                        "meta": {},
                        "tainted": false
                    },
                    "deposed": [],
                    "provider": "provider.aws"
                },
                "aws_route_table_association.public.0": {
                    "type": "aws_route_table_association",
                    "depends_on": [
                        "aws_route_table.public",
                        "aws_subnet.public.*"
                    ],
                    "primary": {
                        "id": "rtbassoc-ae7e2cc7",
                        "attributes": {
                            "id": "rtbassoc-ae7e2cc7",
                            "route_table_id": "rtb-e0a5d789",
                            "subnet_id": "subnet-50980439"
                        },
                        "meta": {},
                        "tainted": false
                    },
                    "deposed": [],
                    "provider": "provider.aws"
                },
                "aws_route_table_association.public.1": {
                    "type": "aws_route_table_association",
                    "depends_on": [
                        "aws_route_table.public",
                        "aws_subnet.public.*"
                    ],
                    "primary": {
                        "id": "rtbassoc-947725fd",
                        "attributes": {
                            "id": "rtbassoc-947725fd",
                            "route_table_id": "rtb-e0a5d789",
                            "subnet_id": "subnet-ef75c294"
                        },
                        "meta": {},
                        "tainted": false
                    },
                    "deposed": [],
                    "provider": "provider.aws"
                },
                "aws_route_table_association.public.2": {
                    "type": "aws_route_table_association",
                    "depends_on": [
                        "aws_route_table.public",
                        "aws_subnet.public.*"
                    ],
                    "primary": {
                        "id": "rtbassoc-4c7f2d25",
                        "attributes": {
                            "id": "rtbassoc-4c7f2d25",
                            "route_table_id": "rtb-e0a5d789",
                            "subnet_id": "subnet-fa77b0b7"
                        },
                        "meta": {},
                        "tainted": false
                    },
                    "deposed": [],
                    "provider": "provider.aws"
                },
                "aws_subnet.database.0": {
                    "type": "aws_subnet",
                    "depends_on": [
                        "aws_vpc.this"
                    ],
                    "primary": {
                        "id": "subnet-24e37f4d",
                        "attributes": {
                            "assign_ipv6_address_on_creation": "false",
                            "availability_zone": "eu-west-3a",
                            "cidr_block": "172.16.210.0/24",
                            "id": "subnet-24e37f4d",
                            "map_public_ip_on_launch": "false",
                            "tags.%": "1",
                            "tags.Name": "kabisa-demo-db-eu-west-3a",
                            "vpc_id": "vpc-517e1238"
                        },
                        "meta": {
                            "schema_version": "1"
                        },
                        "tainted": false
                    },
                    "deposed": [],
                    "provider": "provider.aws"
                },
                "aws_subnet.database.1": {
                    "type": "aws_subnet",
                    "depends_on": [
                        "aws_vpc.this"
                    ],
                    "primary": {
                        "id": "subnet-ad76c1d6",
                        "attributes": {
                            "assign_ipv6_address_on_creation": "false",
                            "availability_zone": "eu-west-3b",
                            "cidr_block": "172.16.220.0/24",
                            "id": "subnet-ad76c1d6",
                            "map_public_ip_on_launch": "false",
                            "tags.%": "1",
                            "tags.Name": "kabisa-demo-db-eu-west-3b",
                            "vpc_id": "vpc-517e1238"
                        },
                        "meta": {
                            "schema_version": "1"
                        },
                        "tainted": false
                    },
                    "deposed": [],
                    "provider": "provider.aws"
                },
                "aws_subnet.database.2": {
                    "type": "aws_subnet",
                    "depends_on": [
                        "aws_vpc.this"
                    ],
                    "primary": {
                        "id": "subnet-f577b0b8",
                        "attributes": {
                            "assign_ipv6_address_on_creation": "false",
                            "availability_zone": "eu-west-3c",
                            "cidr_block": "172.16.230.0/24",
                            "id": "subnet-f577b0b8",
                            "map_public_ip_on_launch": "false",
                            "tags.%": "1",
                            "tags.Name": "kabisa-demo-db-eu-west-3c",
                            "vpc_id": "vpc-517e1238"
                        },
                        "meta": {
                            "schema_version": "1"
                        },
                        "tainted": false
                    },
                    "deposed": [],
                    "provider": "provider.aws"
                },
                "aws_subnet.public.0": {
                    "type": "aws_subnet",
                    "depends_on": [
                        "aws_vpc.this"
                    ],
                    "primary": {
                        "id": "subnet-50980439",
                        "attributes": {
                            "assign_ipv6_address_on_creation": "false",
                            "availability_zone": "eu-west-3a",
                            "cidr_block": "172.16.10.0/24",
                            "id": "subnet-50980439",
                            "map_public_ip_on_launch": "true",
                            "tags.%": "1",
                            "tags.Name": "kabisa-demo-public-eu-west-3a",
                            "vpc_id": "vpc-517e1238"
                        },
                        "meta": {
                            "schema_version": "1"
                        },
                        "tainted": false
                    },
                    "deposed": [],
                    "provider": "provider.aws"
                },
                "aws_subnet.public.1": {
                    "type": "aws_subnet",
                    "depends_on": [
                        "aws_vpc.this"
                    ],
                    "primary": {
                        "id": "subnet-ef75c294",
                        "attributes": {
                            "assign_ipv6_address_on_creation": "false",
                            "availability_zone": "eu-west-3b",
                            "cidr_block": "172.16.20.0/24",
                            "id": "subnet-ef75c294",
                            "map_public_ip_on_launch": "true",
                            "tags.%": "1",
                            "tags.Name": "kabisa-demo-public-eu-west-3b",
                            "vpc_id": "vpc-517e1238"
                        },
                        "meta": {
                            "schema_version": "1"
                        },
                        "tainted": false
                    },
                    "deposed": [],
                    "provider": "provider.aws"
                },
                "aws_subnet.public.2": {
                    "type": "aws_subnet",
                    "depends_on": [
                        "aws_vpc.this"
                    ],
                    "primary": {
                        "id": "subnet-fa77b0b7",
                        "attributes": {
                            "assign_ipv6_address_on_creation": "false",
                            "availability_zone": "eu-west-3c",
                            "cidr_block": "172.16.30.0/24",
                            "id": "subnet-fa77b0b7",
                            "map_public_ip_on_launch": "true",
                            "tags.%": "1",
                            "tags.Name": "kabisa-demo-public-eu-west-3c",
                            "vpc_id": "vpc-517e1238"
                        },
                        "meta": {
                            "schema_version": "1"
                        },
                        "tainted": false
                    },
                    "deposed": [],
                    "provider": "provider.aws"
                },
                "aws_vpc.this": {
                    "type": "aws_vpc",
                    "depends_on": [],
                    "primary": {
                        "id": "vpc-517e1238",
                        "attributes": {
                            "assign_generated_ipv6_cidr_block": "false",
                            "cidr_block": "172.16.0.0/16",
                            "default_network_acl_id": "acl-3615635f",
                            "default_route_table_id": "rtb-11a6d478",
                            "default_security_group_id": "sg-155c447c",
                            "dhcp_options_id": "dopt-d09e5eb9",
                            "enable_dns_hostnames": "false",
                            "enable_dns_support": "true",
                            "id": "vpc-517e1238",
                            "instance_tenancy": "default",
                            "main_route_table_id": "rtb-11a6d478",
                            "tags.%": "1",
                            "tags.Name": "kabisa-demo"
                        },
                        "meta": {
                            "schema_version": "1"
                        },
                        "tainted": false
                    },
                    "deposed": [],
                    "provider": "provider.aws"
                }
            },
            "depends_on": []
        }
    ]
}
